# @generated - this file is auto-generated by `mise lock` https://mise.jdx.dev/dev-tools/mise-lock.html

lockfile_version = 2

[[tools."github:nicklockwood/SwiftFormat"]]
version = "0.63.0"
backend = "github:nicklockwood/SwiftFormat"
specifiers = ["latest"]

[tools."github:nicklockwood/SwiftFormat".options]
no_app = "true"

[tools."github:nicklockwood/SwiftFormat"."platforms.macos-arm64"]
checksum = "sha256:28c7802e11fa5ae113d903066439c6bb1be20a8ac1ad9709c42616a7e273fb0f"
url = "https://github.com/nicklockwood/SwiftFormat/releases/download/0.63.0/swiftformat.zip"
url_api = "https://api.github.com/repos/nicklockwood/SwiftFormat/releases/assets/536986489"

[[tools."github:realm/SwiftLint"]]
version = "0.65.1"
backend = "github:realm/SwiftLint"
specifiers = ["latest"]

[tools."github:realm/SwiftLint".options]
asset_pattern = "portable_swiftlint.zip"
no_app = "true"

[tools."github:realm/SwiftLint"."platforms.macos-arm64"]
checksum = "sha256:c1e429b0599cf1b516f369a2d9ec04eaf0e436f3c12b637df8851fa52ff694d0"
url = "https://github.com/realm/SwiftLint/releases/download/0.65.1/portable_swiftlint.zip"
url_api = "https://api.github.com/repos/realm/SwiftLint/releases/assets/524187565"
