{
  "object": {
    "pins": [
      {
        "package": "swift-argument-parser",
        "repositoryURL": "https://github.com/apple/swift-argument-parser",
        "state": {
          "branch": null,
          "revision": "cdd0ef3755280949551dc26dee5de9ddeda89f54",
          "version": "1.6.2"
        }
      },
      {
        "package": "Yams",
        "repositoryURL": "https://github.com/jpsim/Yams",
        "state": {
          "branch": null,
          "revision": "51b5127c7fb6ffac106ad6d199aaa33c5024895f",
          "version": "6.2.0"
        }
      }
    ]
  },
  "version": 1
}
