// !$*UTF8*$!
{
	archiveVersion = 1;
	classes = {
	};
	objectVersion = 50;
	objects = {

/* Begin PBXBuildFile section */
		4377FF4B22F0D89B00E275E5 /* Colors.xcassets in Resources */ = {isa = PBXBuildFile; fileRef = 4377FF4922F0D89B00E275E5 /* Colors.xcassets */; };
		4377FF4C22F0D89B00E275E5 /* Images.xcassets in Resources */ = {isa = PBXBuildFile; fileRef = 4377FF4A22F0D89B00E275E5 /* Images.xcassets */; };
		4377FF5822F0DA1700E275E5 /* ColorAsset.blackboard.swift in Sources */ = {isa = PBXBuildFile; fileRef = 4377FF5022F0DA1600E275E5 /* ColorAsset.blackboard.swift */; };
		4377FF5922F0DA1700E275E5 /* UIColor.blackboard.swift in Sources */ = {isa = PBXBuildFile; fileRef = 4377FF5122F0DA1700E275E5 /* UIColor.blackboard.swift */; };
		4377FF5A22F0DA1700E275E5 /* CGColor.blackboard.swift in Sources */ = {isa = PBXBuildFile; fileRef = 4377FF5222F0DA1700E275E5 /* CGColor.blackboard.swift */; };
		4377FF5B22F0DA1700E275E5 /* ImageAsset.blackboard.swift in Sources */ = {isa = PBXBuildFile; fileRef = 4377FF5322F0DA1700E275E5 /* ImageAsset.blackboard.swift */; };
		4377FF5C22F0DA1700E275E5 /* UIImage.blackboard.swift in Sources */ = {isa = PBXBuildFile; fileRef = 4377FF5422F0DA1700E275E5 /* UIImage.blackboard.swift */; };
		4377FF5E22F0DA1700E275E5 /* Image.blackboard.swift in Sources */ = {isa = PBXBuildFile; fileRef = 4377FF5622F0DA1700E275E5 /* Image.blackboard.swift */; };
		4377FF5F22F0DA1700E275E5 /* Color.blackboard.swift in Sources */ = {isa = PBXBuildFile; fileRef = 4377FF5722F0DA1700E275E5 /* Color.blackboard.swift */; };
		43B3024C22F0CC3100D97542 /* AppDelegate.swift in Sources */ = {isa = PBXBuildFile; fileRef = 43B3024B22F0CC3100D97542 /* AppDelegate.swift */; };
		43B3024E22F0CC3100D97542 /* SceneDelegate.swift in Sources */ = {isa = PBXBuildFile; fileRef = 43B3024D22F0CC3100D97542 /* SceneDelegate.swift */; };
		43B3025022F0CC3100D97542 /* ContentView.swift in Sources */ = {isa = PBXBuildFile; fileRef = 43B3024F22F0CC3100D97542 /* ContentView.swift */; };
		43B3025222F0CC3200D97542 /* Assets.xcassets in Resources */ = {isa = PBXBuildFile; fileRef = 43B3025122F0CC3200D97542 /* Assets.xcassets */; };
		43B3025522F0CC3200D97542 /* Preview Assets.xcassets in Resources */ = {isa = PBXBuildFile; fileRef = 43B3025422F0CC3200D97542 /* Preview Assets.xcassets */; };
		43B3025822F0CC3200D97542 /* LaunchScreen.storyboard in Resources */ = {isa = PBXBuildFile; fileRef = 43B3025622F0CC3200D97542 /* LaunchScreen.storyboard */; };
/* End PBXBuildFile section */

/* Begin PBXFileReference section */
		4377FF4922F0D89B00E275E5 /* Colors.xcassets */ = {isa = PBXFileReference; lastKnownFileType = folder.assetcatalog; name = Colors.xcassets; path = ../../../../../../../System/Volumes/Data/Users/nate/Documents/xcode/Blackboard/DeclarativeApp/Resources/Colors.xcassets; sourceTree = "<group>"; };
		4377FF4A22F0D89B00E275E5 /* Images.xcassets */ = {isa = PBXFileReference; lastKnownFileType = folder.assetcatalog; name = Images.xcassets; path = ../../../../../../../System/Volumes/Data/Users/nate/Documents/xcode/Blackboard/DeclarativeApp/Resources/Images.xcassets; sourceTree = "<group>"; };
		4377FF5022F0DA1600E275E5 /* ColorAsset.blackboard.swift */ = {isa = PBXFileReference; fileEncoding = 4; lastKnownFileType = sourcecode.swift; name = ColorAsset.blackboard.swift; path = ../../../../../../../../System/Volumes/Data/Users/nate/Documents/xcode/Blackboard/DeclarativeApp/Source/Generated/ColorAsset.blackboard.swift; sourceTree = "<group>"; };
		4377FF5122F0DA1700E275E5 /* UIColor.blackboard.swift */ = {isa = PBXFileReference; fileEncoding = 4; lastKnownFileType = sourcecode.swift; name = UIColor.blackboard.swift; path = ../../../../../../../../System/Volumes/Data/Users/nate/Documents/xcode/Blackboard/DeclarativeApp/Source/Generated/UIColor.blackboard.swift; sourceTree = "<group>"; };
		4377FF5222F0DA1700E275E5 /* CGColor.blackboard.swift */ = {isa = PBXFileReference; fileEncoding = 4; lastKnownFileType = sourcecode.swift; name = CGColor.blackboard.swift; path = ../../../../../../../../System/Volumes/Data/Users/nate/Documents/xcode/Blackboard/DeclarativeApp/Source/Generated/CGColor.blackboard.swift; sourceTree = "<group>"; };
		4377FF5322F0DA1700E275E5 /* ImageAsset.blackboard.swift */ = {isa = PBXFileReference; fileEncoding = 4; lastKnownFileType = sourcecode.swift; name = ImageAsset.blackboard.swift; path = ../../../../../../../../System/Volumes/Data/Users/nate/Documents/xcode/Blackboard/DeclarativeApp/Source/Generated/ImageAsset.blackboard.swift; sourceTree = "<group>"; };
		4377FF5422F0DA1700E275E5 /* UIImage.blackboard.swift */ = {isa = PBXFileReference; fileEncoding = 4; lastKnownFileType = sourcecode.swift; name = UIImage.blackboard.swift; path = ../../../../../../../../System/Volumes/Data/Users/nate/Documents/xcode/Blackboard/DeclarativeApp/Source/Generated/UIImage.blackboard.swift; sourceTree = "<group>"; };
		4377FF5622F0DA1700E275E5 /* Image.blackboard.swift */ = {isa = PBXFileReference; fileEncoding = 4; lastKnownFileType = sourcecode.swift; name = Image.blackboard.swift; path = ../../../../../../../../System/Volumes/Data/Users/nate/Documents/xcode/Blackboard/DeclarativeApp/Source/Generated/Image.blackboard.swift; sourceTree = "<group>"; };
		4377FF5722F0DA1700E275E5 /* Color.blackboard.swift */ = {isa = PBXFileReference; fileEncoding = 4; lastKnownFileType = sourcecode.swift; name = Color.blackboard.swift; path = ../../../../../../../../System/Volumes/Data/Users/nate/Documents/xcode/Blackboard/DeclarativeApp/Source/Generated/Color.blackboard.swift; sourceTree = "<group>"; };
		43B3024822F0CC3100D97542 /* DeclarativeApp.app */ = {isa = PBXFileReference; explicitFileType = wrapper.application; includeInIndex = 0; path = DeclarativeApp.app; sourceTree = BUILT_PRODUCTS_DIR; };
		43B3024B22F0CC3100D97542 /* AppDelegate.swift */ = {isa = PBXFileReference; lastKnownFileType = sourcecode.swift; path = AppDelegate.swift; sourceTree = "<group>"; };
		43B3024D22F0CC3100D97542 /* SceneDelegate.swift */ = {isa = PBXFileReference; lastKnownFileType = sourcecode.swift; path = SceneDelegate.swift; sourceTree = "<group>"; };
		43B3024F22F0CC3100D97542 /* ContentView.swift */ = {isa = PBXFileReference; lastKnownFileType = sourcecode.swift; path = ContentView.swift; sourceTree = "<group>"; };
		43B3025122F0CC3200D97542 /* Assets.xcassets */ = {isa = PBXFileReference; lastKnownFileType = folder.assetcatalog; path = Assets.xcassets; sourceTree = "<group>"; };
		43B3025422F0CC3200D97542 /* Preview Assets.xcassets */ = {isa = PBXFileReference; lastKnownFileType = folder.assetcatalog; path = "Preview Assets.xcassets"; sourceTree = "<group>"; };
		43B3025722F0CC3200D97542 /* Base */ = {isa = PBXFileReference; lastKnownFileType = file.storyboard; name = Base; path = Base.lproj/LaunchScreen.storyboard; sourceTree = "<group>"; };
		43B3025922F0CC3200D97542 /* Info.plist */ = {isa = PBXFileReference; lastKnownFileType = text.plist.xml; path = Info.plist; sourceTree = "<group>"; };
/* End PBXFileReference section */

/* Begin PBXFrameworksBuildPhase section */
		43B3024522F0CC3100D97542 /* Frameworks */ = {
			isa = PBXFrameworksBuildPhase;
			buildActionMask = 2147483647;
			files = (
			);
			runOnlyForDeploymentPostprocessing = 0;
		};
/* End PBXFrameworksBuildPhase section */

/* Begin PBXGroup section */
		4377FF4622F0D71A00E275E5 /* Resources */ = {
			isa = PBXGroup;
			children = (
				43B3025122F0CC3200D97542 /* Assets.xcassets */,
				4377FF4922F0D89B00E275E5 /* Colors.xcassets */,
				4377FF4A22F0D89B00E275E5 /* Images.xcassets */,
				4377FF4822F0D87C00E275E5 /* Storyboards */,
			);
			path = Resources;
			sourceTree = "<group>";
		};
		4377FF4722F0D7DE00E275E5 /* Source */ = {
			isa = PBXGroup;
			children = (
				4377FF4E22F0D9B900E275E5 /* Generated */,
				43B3024B22F0CC3100D97542 /* AppDelegate.swift */,
				43B3024F22F0CC3100D97542 /* ContentView.swift */,
				43B3024D22F0CC3100D97542 /* SceneDelegate.swift */,
			);
			path = Source;
			sourceTree = "<group>";
		};
		4377FF4822F0D87C00E275E5 /* Storyboards */ = {
			isa = PBXGroup;
			children = (
				43B3025622F0CC3200D97542 /* LaunchScreen.storyboard */,
			);
			path = Storyboards;
			sourceTree = "<group>";
		};
		4377FF4D22F0D8E300E275E5 /* Supporting Files */ = {
			isa = PBXGroup;
			children = (
				43B3025922F0CC3200D97542 /* Info.plist */,
			);
			name = "Supporting Files";
			sourceTree = "<group>";
		};
		4377FF4E22F0D9B900E275E5 /* Generated */ = {
			isa = PBXGroup;
			children = (
				4377FF5222F0DA1700E275E5 /* CGColor.blackboard.swift */,
				4377FF5722F0DA1700E275E5 /* Color.blackboard.swift */,
				4377FF5022F0DA1600E275E5 /* ColorAsset.blackboard.swift */,
				4377FF5622F0DA1700E275E5 /* Image.blackboard.swift */,
				4377FF5322F0DA1700E275E5 /* ImageAsset.blackboard.swift */,
				4377FF5122F0DA1700E275E5 /* UIColor.blackboard.swift */,
				4377FF5422F0DA1700E275E5 /* UIImage.blackboard.swift */,
			);
			path = Generated;
			sourceTree = "<group>";
		};
		43B3023F22F0CC3100D97542 = {
			isa = PBXGroup;
			children = (
				43B3024A22F0CC3100D97542 /* DeclarativeApp */,
				43B3024922F0CC3100D97542 /* Products */,
			);
			sourceTree = "<group>";
		};
		43B3024922F0CC3100D97542 /* Products */ = {
			isa = PBXGroup;
			children = (
				43B3024822F0CC3100D97542 /* DeclarativeApp.app */,
			);
			name = Products;
			sourceTree = "<group>";
		};
		43B3024A22F0CC3100D97542 /* DeclarativeApp */ = {
			isa = PBXGroup;
			children = (
				43B3025322F0CC3200D97542 /* Preview Content */,
				4377FF4622F0D71A00E275E5 /* Resources */,
				4377FF4722F0D7DE00E275E5 /* Source */,
				4377FF4D22F0D8E300E275E5 /* Supporting Files */,
			);
			path = DeclarativeApp;
			sourceTree = "<group>";
		};
		43B3025322F0CC3200D97542 /* Preview Content */ = {
			isa = PBXGroup;
			children = (
				43B3025422F0CC3200D97542 /* Preview Assets.xcassets */,
			);
			path = "Preview Content";
			sourceTree = "<group>";
		};
/* End PBXGroup section */

/* Begin PBXNativeTarget section */
		43B3024722F0CC3100D97542 /* DeclarativeApp */ = {
			isa = PBXNativeTarget;
			buildConfigurationList = 43B3025C22F0CC3200D97542 /* Build configuration list for PBXNativeTarget "DeclarativeApp" */;
			buildPhases = (
				4377FF4F22F0D9E100E275E5 /* Blackboard */,
				43B3024422F0CC3100D97542 /* Sources */,
				43B3024522F0CC3100D97542 /* Frameworks */,
				43B3024622F0CC3100D97542 /* Resources */,
			);
			buildRules = (
			);
			dependencies = (
			);
			name = DeclarativeApp;
			productName = DeclarativeApp;
			productReference = 43B3024822F0CC3100D97542 /* DeclarativeApp.app */;
			productType = "com.apple.product-type.application";
		};
/* End PBXNativeTarget section */

/* Begin PBXProject section */
		43B3024022F0CC3100D97542 /* Project object */ = {
			isa = PBXProject;
			attributes = {
				LastSwiftUpdateCheck = 1100;
				LastUpgradeCheck = 1100;
				ORGANIZATIONNAME = "Nathan E. Walczak";
				TargetAttributes = {
					43B3024722F0CC3100D97542 = {
						CreatedOnToolsVersion = 11.0;
					};
				};
			};
			buildConfigurationList = 43B3024322F0CC3100D97542 /* Build configuration list for PBXProject "DeclarativeApp" */;
			compatibilityVersion = "Xcode 9.3";
			developmentRegion = en;
			hasScannedForEncodings = 0;
			knownRegions = (
				en,
				Base,
			);
			mainGroup = 43B3023F22F0CC3100D97542;
			productRefGroup = 43B3024922F0CC3100D97542 /* Products */;
			projectDirPath = "";
			projectRoot = "";
			targets = (
				43B3024722F0CC3100D97542 /* DeclarativeApp */,
			);
		};
/* End PBXProject section */

/* Begin PBXResourcesBuildPhase section */
		43B3024622F0CC3100D97542 /* Resources */ = {
			isa = PBXResourcesBuildPhase;
			buildActionMask = 2147483647;
			files = (
				43B3025822F0CC3200D97542 /* LaunchScreen.storyboard in Resources */,
				4377FF4C22F0D89B00E275E5 /* Images.xcassets in Resources */,
				4377FF4B22F0D89B00E275E5 /* Colors.xcassets in Resources */,
				43B3025522F0CC3200D97542 /* Preview Assets.xcassets in Resources */,
				43B3025222F0CC3200D97542 /* Assets.xcassets in Resources */,
			);
			runOnlyForDeploymentPostprocessing = 0;
		};
/* End PBXResourcesBuildPhase section */

/* Begin PBXShellScriptBuildPhase section */
		4377FF4F22F0D9E100E275E5 /* Blackboard */ = {
			isa = PBXShellScriptBuildPhase;
			buildActionMask = 2147483647;
			files = (
			);
			inputFileListPaths = (
			);
			inputPaths = (
			);
			name = Blackboard;
			outputFileListPaths = (
			);
			outputPaths = (
			);
			runOnlyForDeploymentPostprocessing = 0;
			shellPath = /bin/sh;
			shellScript = "if which \"bin/blackboard\" >/dev/null; then\n  \"bin/blackboard\" --input \"DeclarativeApp/Resources/\" --output \"DeclarativeApp/Source/Generated/\"\nelse\n  echo \"warning: blackboard not installed, download from https://github.com/NathanE73/Blackboard\"\nfi\n";
		};
/* End PBXShellScriptBuildPhase section */

/* Begin PBXSourcesBuildPhase section */
		43B3024422F0CC3100D97542 /* Sources */ = {
			isa = PBXSourcesBuildPhase;
			buildActionMask = 2147483647;
			files = (
				4377FF5822F0DA1700E275E5 /* ColorAsset.blackboard.swift in Sources */,
				4377FF5E22F0DA1700E275E5 /* Image.blackboard.swift in Sources */,
				43B3024C22F0CC3100D97542 /* AppDelegate.swift in Sources */,
				43B3024E22F0CC3100D97542 /* SceneDelegate.swift in Sources */,
				4377FF5F22F0DA1700E275E5 /* Color.blackboard.swift in Sources */,
				4377FF5A22F0DA1700E275E5 /* CGColor.blackboard.swift in Sources */,
				4377FF5B22F0DA1700E275E5 /* ImageAsset.blackboard.swift in Sources */,
				43B3025022F0CC3100D97542 /* ContentView.swift in Sources */,
				4377FF5922F0DA1700E275E5 /* UIColor.blackboard.swift in Sources */,
				4377FF5C22F0DA1700E275E5 /* UIImage.blackboard.swift in Sources */,
			);
			runOnlyForDeploymentPostprocessing = 0;
		};
/* End PBXSourcesBuildPhase section */

/* Begin PBXVariantGroup section */
		43B3025622F0CC3200D97542 /* LaunchScreen.storyboard */ = {
			isa = PBXVariantGroup;
			children = (
				43B3025722F0CC3200D97542 /* Base */,
			);
			name = LaunchScreen.storyboard;
			sourceTree = "<group>";
		};
/* End PBXVariantGroup section */

/* Begin XCBuildConfiguration section */
		43B3025A22F0CC3200D97542 /* Debug */ = {
			isa = XCBuildConfiguration;
			buildSettings = {
				ALWAYS_SEARCH_USER_PATHS = NO;
				CLANG_ANALYZER_NONNULL = YES;
				CLANG_ANALYZER_NUMBER_OBJECT_CONVERSION = YES_AGGRESSIVE;
				CLANG_CXX_LANGUAGE_STANDARD = "gnu++14";
				CLANG_CXX_LIBRARY = "libc++";
				CLANG_ENABLE_MODULES = YES;
				CLANG_ENABLE_OBJC_ARC = YES;
				CLANG_ENABLE_OBJC_WEAK = YES;
				CLANG_WARN_BLOCK_CAPTURE_AUTORELEASING = YES;
				CLANG_WARN_BOOL_CONVERSION = YES;
				CLANG_WARN_COMMA = YES;
				CLANG_WARN_CONSTANT_CONVERSION = YES;
				CLANG_WARN_DEPRECATED_OBJC_IMPLEMENTATIONS = YES;
				CLANG_WARN_DIRECT_OBJC_ISA_USAGE = YES_ERROR;
				CLANG_WARN_DOCUMENTATION_COMMENTS = YES;
				CLANG_WARN_EMPTY_BODY = YES;
				CLANG_WARN_ENUM_CONVERSION = YES;
				CLANG_WARN_INFINITE_RECURSION = YES;
				CLANG_WARN_INT_CONVERSION = YES;
				CLANG_WARN_NON_LITERAL_NULL_CONVERSION = YES;
				CLANG_WARN_OBJC_IMPLICIT_RETAIN_SELF = YES;
				CLANG_WARN_OBJC_LITERAL_CONVERSION = YES;
				CLANG_WARN_OBJC_ROOT_CLASS = YES_ERROR;
				CLANG_WARN_RANGE_LOOP_ANALYSIS = YES;
				CLANG_WARN_STRICT_PROTOTYPES = YES;
				CLANG_WARN_SUSPICIOUS_MOVE = YES;
				CLANG_WARN_UNGUARDED_AVAILABILITY = YES_AGGRESSIVE;
				CLANG_WARN_UNREACHABLE_CODE = YES;
				CLANG_WARN__DUPLICATE_METHOD_MATCH = YES;
				COPY_PHASE_STRIP = NO;
				DEBUG_INFORMATION_FORMAT = dwarf;
				ENABLE_STRICT_OBJC_MSGSEND = YES;
				ENABLE_TESTABILITY = YES;
				GCC_C_LANGUAGE_STANDARD = gnu11;
				GCC_DYNAMIC_NO_PIC = NO;
				GCC_NO_COMMON_BLOCKS = YES;
				GCC_OPTIMIZATION_LEVEL = 0;
				GCC_PREPROCESSOR_DEFINITIONS = (
					"DEBUG=1",
					"$(inherited)",
				);
				GCC_WARN_64_TO_32_BIT_CONVERSION = YES;
				GCC_WARN_ABOUT_RETURN_TYPE = YES_ERROR;
				GCC_WARN_UNDECLARED_SELECTOR = YES;
				GCC_WARN_UNINITIALIZED_AUTOS = YES_AGGRESSIVE;
				GCC_WARN_UNUSED_FUNCTION = YES;
				GCC_WARN_UNUSED_VARIABLE = YES;
				IPHONEOS_DEPLOYMENT_TARGET = 13.0;
				MTL_ENABLE_DEBUG_INFO = INCLUDE_SOURCE;
				MTL_FAST_MATH = YES;
				ONLY_ACTIVE_ARCH = YES;
				SDKROOT = iphoneos;
				SWIFT_ACTIVE_COMPILATION_CONDITIONS = DEBUG;
				SWIFT_OPTIMIZATION_LEVEL = "-Onone";
			};
			name = Debug;
		};
		43B3025B22F0CC3200D97542 /* Release */ = {
			isa = XCBuildConfiguration;
			buildSettings = {
				ALWAYS_SEARCH_USER_PATHS = NO;
				CLANG_ANALYZER_NONNULL = YES;
				CLANG_ANALYZER_NUMBER_OBJECT_CONVERSION = YES_AGGRESSIVE;
				CLANG_CXX_LANGUAGE_STANDARD = "gnu++14";
				CLANG_CXX_LIBRARY = "libc++";
				CLANG_ENABLE_MODULES = YES;
				CLANG_ENABLE_OBJC_ARC = YES;
				CLANG_ENABLE_OBJC_WEAK = YES;
				CLANG_WARN_BLOCK_CAPTURE_AUTORELEASING = YES;
				CLANG_WARN_BOOL_CONVERSION = YES;
				CLANG_WARN_COMMA = YES;
				CLANG_WARN_CONSTANT_CONVERSION = YES;
				CLANG_WARN_DEPRECATED_OBJC_IMPLEMENTATIONS = YES;
				CLANG_WARN_DIRECT_OBJC_ISA_USAGE = YES_ERROR;
				CLANG_WARN_DOCUMENTATION_COMMENTS = YES;
				CLANG_WARN_EMPTY_BODY = YES;
				CLANG_WARN_ENUM_CONVERSION = YES;
				CLANG_WARN_INFINITE_RECURSION = YES;
				CLANG_WARN_INT_CONVERSION = YES;
				CLANG_WARN_NON_LITERAL_NULL_CONVERSION = YES;
				CLANG_WARN_OBJC_IMPLICIT_RETAIN_SELF = YES;
				CLANG_WARN_OBJC_LITERAL_CONVERSION = YES;
				CLANG_WARN_OBJC_ROOT_CLASS = YES_ERROR;
				CLANG_WARN_RANGE_LOOP_ANALYSIS = YES;
				CLANG_WARN_STRICT_PROTOTYPES = YES;
				CLANG_WARN_SUSPICIOUS_MOVE = YES;
				CLANG_WARN_UNGUARDED_AVAILABILITY = YES_AGGRESSIVE;
				CLANG_WARN_UNREACHABLE_CODE = YES;
				CLANG_WARN__DUPLICATE_METHOD_MATCH = YES;
				COPY_PHASE_STRIP = NO;
				DEBUG_INFORMATION_FORMAT = "dwarf-with-dsym";
				ENABLE_NS_ASSERTIONS = NO;
				ENABLE_STRICT_OBJC_MSGSEND = YES;
				GCC_C_LANGUAGE_STANDARD = gnu11;
				GCC_NO_COMMON_BLOCKS = YES;
				GCC_WARN_64_TO_32_BIT_CONVERSION = YES;
				GCC_WARN_ABOUT_RETURN_TYPE = YES_ERROR;
				GCC_WARN_UNDECLARED_SELECTOR = YES;
				GCC_WARN_UNINITIALIZED_AUTOS = YES_AGGRESSIVE;
				GCC_WARN_UNUSED_FUNCTION = YES;
				GCC_WARN_UNUSED_VARIABLE = YES;
				IPHONEOS_DEPLOYMENT_TARGET = 13.0;
				MTL_ENABLE_DEBUG_INFO = NO;
				MTL_FAST_MATH = YES;
				SDKROOT = iphoneos;
				SWIFT_COMPILATION_MODE = wholemodule;
				SWIFT_OPTIMIZATION_LEVEL = "-O";
				VALIDATE_PRODUCT = YES;
			};
			name = Release;
		};
		43B3025D22F0CC3200D97542 /* Debug */ = {
			isa = XCBuildConfiguration;
			buildSettings = {
				ASSETCATALOG_COMPILER_APPICON_NAME = AppIcon;
				CODE_SIGN_STYLE = Automatic;
				DEVELOPMENT_ASSET_PATHS = "DeclarativeApp/Preview\\ Content";
				ENABLE_PREVIEWS = YES;
				INFOPLIST_FILE = DeclarativeApp/Info.plist;
				LD_RUNPATH_SEARCH_PATHS = (
					"$(inherited)",
					"@executable_path/Frameworks",
				);
				PRODUCT_BUNDLE_IDENTIFIER = com.example.blackboard.DeclarativeApp;
				PRODUCT_NAME = "$(TARGET_NAME)";
				SWIFT_VERSION = 5.0;
				TARGETED_DEVICE_FAMILY = "1,2";
			};
			name = Debug;
		};
		43B3025E22F0CC3200D97542 /* Release */ = {
			isa = XCBuildConfiguration;
			buildSettings = {
				ASSETCATALOG_COMPILER_APPICON_NAME = AppIcon;
				CODE_SIGN_STYLE = Automatic;
				DEVELOPMENT_ASSET_PATHS = "DeclarativeApp/Preview\\ Content";
				ENABLE_PREVIEWS = YES;
				INFOPLIST_FILE = DeclarativeApp/Info.plist;
				LD_RUNPATH_SEARCH_PATHS = (
					"$(inherited)",
					"@executable_path/Frameworks",
				);
				PRODUCT_BUNDLE_IDENTIFIER = com.example.blackboard.DeclarativeApp;
				PRODUCT_NAME = "$(TARGET_NAME)";
				SWIFT_VERSION = 5.0;
				TARGETED_DEVICE_FAMILY = "1,2";
			};
			name = Release;
		};
/* End XCBuildConfiguration section */

/* Begin XCConfigurationList section */
		43B3024322F0CC3100D97542 /* Build configuration list for PBXProject "DeclarativeApp" */ = {
			isa = XCConfigurationList;
			buildConfigurations = (
				43B3025A22F0CC3200D97542 /* Debug */,
				43B3025B22F0CC3200D97542 /* Release */,
			);
			defaultConfigurationIsVisible = 0;
			defaultConfigurationName = Release;
		};
		43B3025C22F0CC3200D97542 /* Build configuration list for PBXNativeTarget "DeclarativeApp" */ = {
			isa = XCConfigurationList;
			buildConfigurations = (
				43B3025D22F0CC3200D97542 /* Debug */,
				43B3025E22F0CC3200D97542 /* Release */,
			);
			defaultConfigurationIsVisible = 0;
			defaultConfigurationName = Release;
		};
/* End XCConfigurationList section */
	};
	rootObject = 43B3024022F0CC3100D97542 /* Project object */;
}
