// !$*UTF8*$!
{
	archiveVersion = 1;
	classes = {
	};
	objectVersion = 46;
	objects = {

/* Begin PBXBuildFile section */
		430867B81F27C02F006DF3D2 /* UIColorExtensions.swift in Sources */ = {isa = PBXBuildFile; fileRef = 430867B71F27C02F006DF3D2 /* UIColorExtensions.swift */; };
		435E2AF71D01F600008E1170 /* AppDelegate.swift in Sources */ = {isa = PBXBuildFile; fileRef = 435E2AF61D01F600008E1170 /* AppDelegate.swift */; };
		435E2AFC1D01F600008E1170 /* Main.storyboard in Resources */ = {isa = PBXBuildFile; fileRef = 435E2AFA1D01F600008E1170 /* Main.storyboard */; };
		435E2AFE1D01F600008E1170 /* Assets.xcassets in Resources */ = {isa = PBXBuildFile; fileRef = 435E2AFD1D01F600008E1170 /* Assets.xcassets */; };
		435E2B011D01F600008E1170 /* LaunchScreen.storyboard in Resources */ = {isa = PBXBuildFile; fileRef = 435E2AFF1D01F600008E1170 /* LaunchScreen.storyboard */; };
		436292E41F27CEBC0000C651 /* Colors.xcassets in Resources */ = {isa = PBXBuildFile; fileRef = 436292E31F27CEBC0000C651 /* Colors.xcassets */; };
		437174F61D06091800B9AFCB /* Table.storyboard in Resources */ = {isa = PBXBuildFile; fileRef = 437174F41D06091800B9AFCB /* Table.storyboard */; };
		437174F81D0716B100B9AFCB /* NameTableViewCell.swift in Sources */ = {isa = PBXBuildFile; fileRef = 437174F71D0716B100B9AFCB /* NameTableViewCell.swift */; };
		437174FA1D07179000B9AFCB /* NamesViewController.swift in Sources */ = {isa = PBXBuildFile; fileRef = 437174F91D07179000B9AFCB /* NamesViewController.swift */; };
		437174FC1D0717FF00B9AFCB /* TableStoryboardExtensions.swift in Sources */ = {isa = PBXBuildFile; fileRef = 437174FB1D0717FF00B9AFCB /* TableStoryboardExtensions.swift */; };
		437174FE1D071EF500B9AFCB /* NameViewController.swift in Sources */ = {isa = PBXBuildFile; fileRef = 437174FD1D071EF500B9AFCB /* NameViewController.swift */; };
		43C2B19C1D01F86A001B08CA /* MainStoryboardExtensions.swift in Sources */ = {isa = PBXBuildFile; fileRef = 43C2B19B1D01F86A001B08CA /* MainStoryboardExtensions.swift */; };
		43C2B19E1D021533001B08CA /* WelcomeViewController.swift in Sources */ = {isa = PBXBuildFile; fileRef = 43C2B19D1D021533001B08CA /* WelcomeViewController.swift */; };
/* End PBXBuildFile section */

/* Begin PBXFileReference section */
		430867B71F27C02F006DF3D2 /* UIColorExtensions.swift */ = {isa = PBXFileReference; fileEncoding = 4; lastKnownFileType = sourcecode.swift; path = UIColorExtensions.swift; sourceTree = "<group>"; };
		435E2AF31D01F600008E1170 /* ExampleApp.app */ = {isa = PBXFileReference; explicitFileType = wrapper.application; includeInIndex = 0; path = ExampleApp.app; sourceTree = BUILT_PRODUCTS_DIR; };
		435E2AF61D01F600008E1170 /* AppDelegate.swift */ = {isa = PBXFileReference; lastKnownFileType = sourcecode.swift; path = AppDelegate.swift; sourceTree = "<group>"; };
		435E2AFB1D01F600008E1170 /* Base */ = {isa = PBXFileReference; lastKnownFileType = file.storyboard; name = Base; path = Base.lproj/Main.storyboard; sourceTree = "<group>"; };
		435E2AFD1D01F600008E1170 /* Assets.xcassets */ = {isa = PBXFileReference; lastKnownFileType = folder.assetcatalog; path = Assets.xcassets; sourceTree = "<group>"; };
		435E2B001D01F600008E1170 /* Base */ = {isa = PBXFileReference; lastKnownFileType = file.storyboard; name = Base; path = Base.lproj/LaunchScreen.storyboard; sourceTree = "<group>"; };
		435E2B021D01F600008E1170 /* Info.plist */ = {isa = PBXFileReference; lastKnownFileType = text.plist.xml; path = Info.plist; sourceTree = "<group>"; };
		436292E31F27CEBC0000C651 /* Colors.xcassets */ = {isa = PBXFileReference; lastKnownFileType = folder.assetcatalog; path = Colors.xcassets; sourceTree = "<group>"; };
		437174F51D06091800B9AFCB /* Base */ = {isa = PBXFileReference; lastKnownFileType = file.storyboard; name = Base; path = Base.lproj/Table.storyboard; sourceTree = "<group>"; };
		437174F71D0716B100B9AFCB /* NameTableViewCell.swift */ = {isa = PBXFileReference; fileEncoding = 4; lastKnownFileType = sourcecode.swift; path = NameTableViewCell.swift; sourceTree = "<group>"; };
		437174F91D07179000B9AFCB /* NamesViewController.swift */ = {isa = PBXFileReference; fileEncoding = 4; lastKnownFileType = sourcecode.swift; path = NamesViewController.swift; sourceTree = "<group>"; };
		437174FB1D0717FF00B9AFCB /* TableStoryboardExtensions.swift */ = {isa = PBXFileReference; fileEncoding = 4; lastKnownFileType = sourcecode.swift; path = TableStoryboardExtensions.swift; sourceTree = "<group>"; };
		437174FD1D071EF500B9AFCB /* NameViewController.swift */ = {isa = PBXFileReference; fileEncoding = 4; lastKnownFileType = sourcecode.swift; path = NameViewController.swift; sourceTree = "<group>"; };
		43C2B19B1D01F86A001B08CA /* MainStoryboardExtensions.swift */ = {isa = PBXFileReference; fileEncoding = 4; lastKnownFileType = sourcecode.swift; path = MainStoryboardExtensions.swift; sourceTree = "<group>"; };
		43C2B19D1D021533001B08CA /* WelcomeViewController.swift */ = {isa = PBXFileReference; fileEncoding = 4; lastKnownFileType = sourcecode.swift; path = WelcomeViewController.swift; sourceTree = "<group>"; };
/* End PBXFileReference section */

/* Begin PBXFrameworksBuildPhase section */
		435E2AF01D01F600008E1170 /* Frameworks */ = {
			isa = PBXFrameworksBuildPhase;
			buildActionMask = 2147483647;
			files = (
			);
			runOnlyForDeploymentPostprocessing = 0;
		};
/* End PBXFrameworksBuildPhase section */

/* Begin PBXGroup section */
		435E2AEA1D01F600008E1170 = {
			isa = PBXGroup;
			children = (
				435E2AF51D01F600008E1170 /* ExampleApp */,
				435E2AF41D01F600008E1170 /* Products */,
			);
			sourceTree = "<group>";
		};
		435E2AF41D01F600008E1170 /* Products */ = {
			isa = PBXGroup;
			children = (
				435E2AF31D01F600008E1170 /* ExampleApp.app */,
			);
			name = Products;
			sourceTree = "<group>";
		};
		435E2AF51D01F600008E1170 /* ExampleApp */ = {
			isa = PBXGroup;
			children = (
				435E2B021D01F600008E1170 /* Info.plist */,
				43C2B1991D01F7C5001B08CA /* Resources */,
				43C2B1981D01F7AB001B08CA /* Source */,
			);
			path = ExampleApp;
			sourceTree = "<group>";
		};
		436292E51F27CF6F0000C651 /* Storyboards */ = {
			isa = PBXGroup;
			children = (
				435E2AFF1D01F600008E1170 /* LaunchScreen.storyboard */,
				435E2AFA1D01F600008E1170 /* Main.storyboard */,
				437174F41D06091800B9AFCB /* Table.storyboard */,
			);
			path = Storyboards;
			sourceTree = "<group>";
		};
		43C2B1981D01F7AB001B08CA /* Source */ = {
			isa = PBXGroup;
			children = (
				435E2AF61D01F600008E1170 /* AppDelegate.swift */,
				43C2B19A1D01F7F9001B08CA /* Generated */,
				437174F91D07179000B9AFCB /* NamesViewController.swift */,
				437174F71D0716B100B9AFCB /* NameTableViewCell.swift */,
				437174FD1D071EF500B9AFCB /* NameViewController.swift */,
				43C2B19D1D021533001B08CA /* WelcomeViewController.swift */,
			);
			path = Source;
			sourceTree = "<group>";
		};
		43C2B1991D01F7C5001B08CA /* Resources */ = {
			isa = PBXGroup;
			children = (
				435E2AFD1D01F600008E1170 /* Assets.xcassets */,
				436292E31F27CEBC0000C651 /* Colors.xcassets */,
				436292E51F27CF6F0000C651 /* Storyboards */,
			);
			path = Resources;
			sourceTree = "<group>";
		};
		43C2B19A1D01F7F9001B08CA /* Generated */ = {
			isa = PBXGroup;
			children = (
				43C2B19B1D01F86A001B08CA /* MainStoryboardExtensions.swift */,
				437174FB1D0717FF00B9AFCB /* TableStoryboardExtensions.swift */,
				430867B71F27C02F006DF3D2 /* UIColorExtensions.swift */,
			);
			path = Generated;
			sourceTree = "<group>";
		};
/* End PBXGroup section */

/* Begin PBXNativeTarget section */
		435E2AF21D01F600008E1170 /* ExampleApp */ = {
			isa = PBXNativeTarget;
			buildConfigurationList = 435E2B051D01F600008E1170 /* Build configuration list for PBXNativeTarget "ExampleApp" */;
			buildPhases = (
				435E2AEF1D01F600008E1170 /* Sources */,
				435E2AF01D01F600008E1170 /* Frameworks */,
				435E2AF11D01F600008E1170 /* Resources */,
			);
			buildRules = (
			);
			dependencies = (
			);
			name = ExampleApp;
			productName = ExampleApp;
			productReference = 435E2AF31D01F600008E1170 /* ExampleApp.app */;
			productType = "com.apple.product-type.application";
		};
/* End PBXNativeTarget section */

/* Begin PBXProject section */
		435E2AEB1D01F600008E1170 /* Project object */ = {
			isa = PBXProject;
			attributes = {
				LastSwiftUpdateCheck = 0730;
				LastUpgradeCheck = 1000;
				ORGANIZATIONNAME = "Nathan E. Walczak";
				TargetAttributes = {
					435E2AF21D01F600008E1170 = {
						CreatedOnToolsVersion = 7.3.1;
						LastSwiftMigration = 0820;
					};
				};
			};
			buildConfigurationList = 435E2AEE1D01F600008E1170 /* Build configuration list for PBXProject "ExampleApp" */;
			compatibilityVersion = "Xcode 3.2";
			developmentRegion = English;
			hasScannedForEncodings = 0;
			knownRegions = (
				en,
				Base,
			);
			mainGroup = 435E2AEA1D01F600008E1170;
			productRefGroup = 435E2AF41D01F600008E1170 /* Products */;
			projectDirPath = "";
			projectRoot = "";
			targets = (
				435E2AF21D01F600008E1170 /* ExampleApp */,
			);
		};
/* End PBXProject section */

/* Begin PBXResourcesBuildPhase section */
		435E2AF11D01F600008E1170 /* Resources */ = {
			isa = PBXResourcesBuildPhase;
			buildActionMask = 2147483647;
			files = (
				436292E41F27CEBC0000C651 /* Colors.xcassets in Resources */,
				435E2B011D01F600008E1170 /* LaunchScreen.storyboard in Resources */,
				435E2AFE1D01F600008E1170 /* Assets.xcassets in Resources */,
				435E2AFC1D01F600008E1170 /* Main.storyboard in Resources */,
				437174F61D06091800B9AFCB /* Table.storyboard in Resources */,
			);
			runOnlyForDeploymentPostprocessing = 0;
		};
/* End PBXResourcesBuildPhase section */

/* Begin PBXSourcesBuildPhase section */
		435E2AEF1D01F600008E1170 /* Sources */ = {
			isa = PBXSourcesBuildPhase;
			buildActionMask = 2147483647;
			files = (
				43C2B19E1D021533001B08CA /* WelcomeViewController.swift in Sources */,
				437174FC1D0717FF00B9AFCB /* TableStoryboardExtensions.swift in Sources */,
				437174FE1D071EF500B9AFCB /* NameViewController.swift in Sources */,
				43C2B19C1D01F86A001B08CA /* MainStoryboardExtensions.swift in Sources */,
				437174F81D0716B100B9AFCB /* NameTableViewCell.swift in Sources */,
				435E2AF71D01F600008E1170 /* AppDelegate.swift in Sources */,
				437174FA1D07179000B9AFCB /* NamesViewController.swift in Sources */,
				430867B81F27C02F006DF3D2 /* UIColorExtensions.swift in Sources */,
			);
			runOnlyForDeploymentPostprocessing = 0;
		};
/* End PBXSourcesBuildPhase section */

/* Begin PBXVariantGroup section */
		435E2AFA1D01F600008E1170 /* Main.storyboard */ = {
			isa = PBXVariantGroup;
			children = (
				435E2AFB1D01F600008E1170 /* Base */,
			);
			name = Main.storyboard;
			sourceTree = "<group>";
		};
		435E2AFF1D01F600008E1170 /* LaunchScreen.storyboard */ = {
			isa = PBXVariantGroup;
			children = (
				435E2B001D01F600008E1170 /* Base */,
			);
			name = LaunchScreen.storyboard;
			sourceTree = "<group>";
		};
		437174F41D06091800B9AFCB /* Table.storyboard */ = {
			isa = PBXVariantGroup;
			children = (
				437174F51D06091800B9AFCB /* Base */,
			);
			name = Table.storyboard;
			sourceTree = "<group>";
		};
/* End PBXVariantGroup section */

/* Begin XCBuildConfiguration section */
		435E2B031D01F600008E1170 /* Debug */ = {
			isa = XCBuildConfiguration;
			buildSettings = {
				ALWAYS_SEARCH_USER_PATHS = NO;
				CLANG_ANALYZER_NONNULL = YES;
				CLANG_CXX_LANGUAGE_STANDARD = "gnu++0x";
				CLANG_CXX_LIBRARY = "libc++";
				CLANG_ENABLE_MODULES = YES;
				CLANG_ENABLE_OBJC_ARC = YES;
				CLANG_WARN_BLOCK_CAPTURE_AUTORELEASING = YES;
				CLANG_WARN_BOOL_CONVERSION = YES;
				CLANG_WARN_COMMA = YES;
				CLANG_WARN_CONSTANT_CONVERSION = YES;
				CLANG_WARN_DEPRECATED_OBJC_IMPLEMENTATIONS = YES;
				CLANG_WARN_DIRECT_OBJC_ISA_USAGE = YES_ERROR;
				CLANG_WARN_EMPTY_BODY = YES;
				CLANG_WARN_ENUM_CONVERSION = YES;
				CLANG_WARN_INFINITE_RECURSION = YES;
				CLANG_WARN_INT_CONVERSION = YES;
				CLANG_WARN_NON_LITERAL_NULL_CONVERSION = YES;
				CLANG_WARN_OBJC_IMPLICIT_RETAIN_SELF = YES;
				CLANG_WARN_OBJC_LITERAL_CONVERSION = YES;
				CLANG_WARN_OBJC_ROOT_CLASS = YES_ERROR;
				CLANG_WARN_RANGE_LOOP_ANALYSIS = YES;
				CLANG_WARN_STRICT_PROTOTYPES = YES;
				CLANG_WARN_SUSPICIOUS_MOVE = YES;
				CLANG_WARN_UNREACHABLE_CODE = YES;
				CLANG_WARN__DUPLICATE_METHOD_MATCH = YES;
				"CODE_SIGN_IDENTITY[sdk=iphoneos*]" = "iPhone Developer";
				COPY_PHASE_STRIP = NO;
				DEBUG_INFORMATION_FORMAT = dwarf;
				ENABLE_STRICT_OBJC_MSGSEND = YES;
				ENABLE_TESTABILITY = YES;
				GCC_C_LANGUAGE_STANDARD = gnu99;
				GCC_DYNAMIC_NO_PIC = NO;
				GCC_NO_COMMON_BLOCKS = YES;
				GCC_OPTIMIZATION_LEVEL = 0;
				GCC_PREPROCESSOR_DEFINITIONS = (
					"DEBUG=1",
					"$(inherited)",
				);
				GCC_WARN_64_TO_32_BIT_CONVERSION = YES;
				GCC_WARN_ABOUT_RETURN_TYPE = YES_ERROR;
				GCC_WARN_UNDECLARED_SELECTOR = YES;
				GCC_WARN_UNINITIALIZED_AUTOS = YES_AGGRESSIVE;
				GCC_WARN_UNUSED_FUNCTION = YES;
				GCC_WARN_UNUSED_VARIABLE = YES;
				IPHONEOS_DEPLOYMENT_TARGET = 9.3;
				MTL_ENABLE_DEBUG_INFO = YES;
				ONLY_ACTIVE_ARCH = YES;
				SDKROOT = iphoneos;
				SWIFT_OPTIMIZATION_LEVEL = "-Onone";
				TARGETED_DEVICE_FAMILY = "1,2";
			};
			name = Debug;
		};
		435E2B041D01F600008E1170 /* Release */ = {
			isa = XCBuildConfiguration;
			buildSettings = {
				ALWAYS_SEARCH_USER_PATHS = NO;
				CLANG_ANALYZER_NONNULL = YES;
				CLANG_CXX_LANGUAGE_STANDARD = "gnu++0x";
				CLANG_CXX_LIBRARY = "libc++";
				CLANG_ENABLE_MODULES = YES;
				CLANG_ENABLE_OBJC_ARC = YES;
				CLANG_WARN_BLOCK_CAPTURE_AUTORELEASING = YES;
				CLANG_WARN_BOOL_CONVERSION = YES;
				CLANG_WARN_COMMA = YES;
				CLANG_WARN_CONSTANT_CONVERSION = YES;
				CLANG_WARN_DEPRECATED_OBJC_IMPLEMENTATIONS = YES;
				CLANG_WARN_DIRECT_OBJC_ISA_USAGE = YES_ERROR;
				CLANG_WARN_EMPTY_BODY = YES;
				CLANG_WARN_ENUM_CONVERSION = YES;
				CLANG_WARN_INFINITE_RECURSION = YES;
				CLANG_WARN_INT_CONVERSION = YES;
				CLANG_WARN_NON_LITERAL_NULL_CONVERSION = YES;
				CLANG_WARN_OBJC_IMPLICIT_RETAIN_SELF = YES;
				CLANG_WARN_OBJC_LITERAL_CONVERSION = YES;
				CLANG_WARN_OBJC_ROOT_CLASS = YES_ERROR;
				CLANG_WARN_RANGE_LOOP_ANALYSIS = YES;
				CLANG_WARN_STRICT_PROTOTYPES = YES;
				CLANG_WARN_SUSPICIOUS_MOVE = YES;
				CLANG_WARN_UNREACHABLE_CODE = YES;
				CLANG_WARN__DUPLICATE_METHOD_MATCH = YES;
				"CODE_SIGN_IDENTITY[sdk=iphoneos*]" = "iPhone Developer";
				COPY_PHASE_STRIP = NO;
				DEBUG_INFORMATION_FORMAT = "dwarf-with-dsym";
				ENABLE_NS_ASSERTIONS = NO;
				ENABLE_STRICT_OBJC_MSGSEND = YES;
				GCC_C_LANGUAGE_STANDARD = gnu99;
				GCC_NO_COMMON_BLOCKS = YES;
				GCC_WARN_64_TO_32_BIT_CONVERSION = YES;
				GCC_WARN_ABOUT_RETURN_TYPE = YES_ERROR;
				GCC_WARN_UNDECLARED_SELECTOR = YES;
				GCC_WARN_UNINITIALIZED_AUTOS = YES_AGGRESSIVE;
				GCC_WARN_UNUSED_FUNCTION = YES;
				GCC_WARN_UNUSED_VARIABLE = YES;
				IPHONEOS_DEPLOYMENT_TARGET = 9.3;
				MTL_ENABLE_DEBUG_INFO = NO;
				SDKROOT = iphoneos;
				SWIFT_OPTIMIZATION_LEVEL = "-Owholemodule";
				TARGETED_DEVICE_FAMILY = "1,2";
				VALIDATE_PRODUCT = YES;
			};
			name = Release;
		};
		435E2B061D01F600008E1170 /* Debug */ = {
			isa = XCBuildConfiguration;
			buildSettings = {
				ASSETCATALOG_COMPILER_APPICON_NAME = AppIcon;
				INFOPLIST_FILE = ExampleApp/Info.plist;
				LD_RUNPATH_SEARCH_PATHS = "$(inherited) @executable_path/Frameworks";
				PRODUCT_BUNDLE_IDENTIFIER = com.example.ExampleApp;
				PRODUCT_NAME = "$(TARGET_NAME)";
				SWIFT_VERSION = 3.0;
			};
			name = Debug;
		};
		435E2B071D01F600008E1170 /* Release */ = {
			isa = XCBuildConfiguration;
			buildSettings = {
				ASSETCATALOG_COMPILER_APPICON_NAME = AppIcon;
				INFOPLIST_FILE = ExampleApp/Info.plist;
				LD_RUNPATH_SEARCH_PATHS = "$(inherited) @executable_path/Frameworks";
				PRODUCT_BUNDLE_IDENTIFIER = com.example.ExampleApp;
				PRODUCT_NAME = "$(TARGET_NAME)";
				SWIFT_VERSION = 3.0;
			};
			name = Release;
		};
/* End XCBuildConfiguration section */

/* Begin XCConfigurationList section */
		435E2AEE1D01F600008E1170 /* Build configuration list for PBXProject "ExampleApp" */ = {
			isa = XCConfigurationList;
			buildConfigurations = (
				435E2B031D01F600008E1170 /* Debug */,
				435E2B041D01F600008E1170 /* Release */,
			);
			defaultConfigurationIsVisible = 0;
			defaultConfigurationName = Release;
		};
		435E2B051D01F600008E1170 /* Build configuration list for PBXNativeTarget "ExampleApp" */ = {
			isa = XCConfigurationList;
			buildConfigurations = (
				435E2B061D01F600008E1170 /* Debug */,
				435E2B071D01F600008E1170 /* Release */,
			);
			defaultConfigurationIsVisible = 0;
			defaultConfigurationName = Release;
		};
/* End XCConfigurationList section */
	};
	rootObject = 435E2AEB1D01F600008E1170 /* Project object */;
}
