// !$*UTF8*$!
{
	archiveVersion = 1;
	classes = {
	};
	objectVersion = 54;
	objects = {

/* Begin PBXBuildFile section */
		430867B81F27C02F006DF3D2 /* UIColor.blackboard.swift in Sources */ = {isa = PBXBuildFile; fileRef = 430867B71F27C02F006DF3D2 /* UIColor.blackboard.swift */; };
		431BCB50223AA52000E01B48 /* AccountViewController.swift in Sources */ = {isa = PBXBuildFile; fileRef = 431BCB4F223AA52000E01B48 /* AccountViewController.swift */; };
		431BCB52223AC73A00E01B48 /* OpenAccountViewController.swift in Sources */ = {isa = PBXBuildFile; fileRef = 431BCB51223AC73A00E01B48 /* OpenAccountViewController.swift */; };
		43237C7E23995E4100CF404C /* NSDataAsset.blackboard.swift in Sources */ = {isa = PBXBuildFile; fileRef = 43237C7C23995E4000CF404C /* NSDataAsset.blackboard.swift */; };
		43237C7F23995E4100CF404C /* DataAsset.blackboard.swift in Sources */ = {isa = PBXBuildFile; fileRef = 43237C7D23995E4100CF404C /* DataAsset.blackboard.swift */; };
		432EDC9D223985C000EBB0AF /* Photo.swift in Sources */ = {isa = PBXBuildFile; fileRef = 432EDC9C223985C000EBB0AF /* Photo.swift */; };
		432EDCA922399C9A00EBB0AF /* PhotoCollectionViewCell.swift in Sources */ = {isa = PBXBuildFile; fileRef = 432EDCA822399C9A00EBB0AF /* PhotoCollectionViewCell.swift */; };
		432EDCB2223A916900EBB0AF /* Account.storyboard in Resources */ = {isa = PBXBuildFile; fileRef = 432EDCAE223A916800EBB0AF /* Account.storyboard */; };
		432EDCB3223A916900EBB0AF /* Photo.storyboard in Resources */ = {isa = PBXBuildFile; fileRef = 432EDCB0223A916800EBB0AF /* Photo.storyboard */; };
		432EDCB5223A92A600EBB0AF /* PhotoViewController.swift in Sources */ = {isa = PBXBuildFile; fileRef = 432EDCB4223A92A600EBB0AF /* PhotoViewController.swift */; };
		432EDCB7223A96EE00EBB0AF /* PhotoViewModel.swift in Sources */ = {isa = PBXBuildFile; fileRef = 432EDCB6223A96EE00EBB0AF /* PhotoViewModel.swift */; };
		433D6D7021E5055C00D8CB37 /* Empty.storyboard in Resources */ = {isa = PBXBuildFile; fileRef = 433D6D6B21E5055C00D8CB37 /* Empty.storyboard */; };
		433D6D7921E507BE00D8CB37 /* UIImage.blackboard.swift in Sources */ = {isa = PBXBuildFile; fileRef = 433D6D7521E507BE00D8CB37 /* UIImage.blackboard.swift */; };
		4351B62D21E502E5007B4622 /* Images.xcassets in Resources */ = {isa = PBXBuildFile; fileRef = 4351B62C21E502E5007B4622 /* Images.xcassets */; };
		435E2AF71D01F600008E1170 /* AppDelegate.swift in Sources */ = {isa = PBXBuildFile; fileRef = 435E2AF61D01F600008E1170 /* AppDelegate.swift */; };
		435E2AFC1D01F600008E1170 /* Main.storyboard in Resources */ = {isa = PBXBuildFile; fileRef = 435E2AFA1D01F600008E1170 /* Main.storyboard */; };
		435E2AFE1D01F600008E1170 /* Assets.xcassets in Resources */ = {isa = PBXBuildFile; fileRef = 435E2AFD1D01F600008E1170 /* Assets.xcassets */; };
		435E2B011D01F600008E1170 /* LaunchScreen.storyboard in Resources */ = {isa = PBXBuildFile; fileRef = 435E2AFF1D01F600008E1170 /* LaunchScreen.storyboard */; };
		436292E41F27CEBC0000C651 /* Colors.xcassets in Resources */ = {isa = PBXBuildFile; fileRef = 436292E31F27CEBC0000C651 /* Colors.xcassets */; };
		4365E20B25DC9ED7003E4ABC /* SymbolUIImage.blackboard.swift in Sources */ = {isa = PBXBuildFile; fileRef = 4365E20A25DC9ED7003E4ABC /* SymbolUIImage.blackboard.swift */; };
		4365E21525DCB7EF003E4ABC /* Image.blackboard.swift in Sources */ = {isa = PBXBuildFile; fileRef = 4365E21225DCB7EF003E4ABC /* Image.blackboard.swift */; };
		4365E21625DCB7EF003E4ABC /* SymbolImage.blackboard.swift in Sources */ = {isa = PBXBuildFile; fileRef = 4365E21325DCB7EF003E4ABC /* SymbolImage.blackboard.swift */; };
		4365E21725DCB7EF003E4ABC /* Color.blackboard.swift in Sources */ = {isa = PBXBuildFile; fileRef = 4365E21425DCB7EF003E4ABC /* Color.blackboard.swift */; };
		4368049A2245AA2200A69FE8 /* UIKit.blackboard.swift in Sources */ = {isa = PBXBuildFile; fileRef = 436804992245AA2200A69FE8 /* UIKit.blackboard.swift */; };
		436FA62925E6013100E0599C /* ExampleView.xib in Resources */ = {isa = PBXBuildFile; fileRef = 436FA62125E5FDDF00E0599C /* ExampleView.xib */; };
		43A2081D239860880073A2B2 /* Data.xcassets in Resources */ = {isa = PBXBuildFile; fileRef = 43A2081C239860880073A2B2 /* Data.xcassets */; };
		43B32BC62658A14100D68AA4 /* Localizable.blackboard.swift in Sources */ = {isa = PBXBuildFile; fileRef = 43B32BC52658A14100D68AA4 /* Localizable.blackboard.swift */; };
		43B32BD0265C85C900D68AA4 /* Localizable.strings in Resources */ = {isa = PBXBuildFile; fileRef = 43B32BCE265C85C900D68AA4 /* Localizable.strings */; };
		43C2B19C1D01F86A001B08CA /* MainStoryboard.blackboard.swift in Sources */ = {isa = PBXBuildFile; fileRef = 43C2B19B1D01F86A001B08CA /* MainStoryboard.blackboard.swift */; };
		43C2B19E1D021533001B08CA /* MainViewController.swift in Sources */ = {isa = PBXBuildFile; fileRef = 43C2B19D1D021533001B08CA /* MainViewController.swift */; };
		43C32F17223849B500D270C1 /* AccountsTableViewController.swift in Sources */ = {isa = PBXBuildFile; fileRef = 43C32F15223849B500D270C1 /* AccountsTableViewController.swift */; };
		43C32F18223849B500D270C1 /* AccountsNavigationController.swift in Sources */ = {isa = PBXBuildFile; fileRef = 43C32F16223849B500D270C1 /* AccountsNavigationController.swift */; };
		43C32F1B223849C400D270C1 /* PhotosCollectionViewController.swift in Sources */ = {isa = PBXBuildFile; fileRef = 43C32F19223849C400D270C1 /* PhotosCollectionViewController.swift */; };
		43C32F1C223849C400D270C1 /* PhotosNavigationController.swift in Sources */ = {isa = PBXBuildFile; fileRef = 43C32F1A223849C400D270C1 /* PhotosNavigationController.swift */; };
		43C32F2522384B2400D270C1 /* AccountOverviewTableViewCell.swift in Sources */ = {isa = PBXBuildFile; fileRef = 43C32F2222384B2400D270C1 /* AccountOverviewTableViewCell.swift */; };
		43C32F2622384B2400D270C1 /* AccountTableViewCell.swift in Sources */ = {isa = PBXBuildFile; fileRef = 43C32F2322384B2400D270C1 /* AccountTableViewCell.swift */; };
		43C32F2922384C1000D270C1 /* PhotoStoryboard.blackboard.swift in Sources */ = {isa = PBXBuildFile; fileRef = 43C32F2722384C1000D270C1 /* PhotoStoryboard.blackboard.swift */; };
		43C32F2A22384C1000D270C1 /* AccountStoryboard.blackboard.swift in Sources */ = {isa = PBXBuildFile; fileRef = 43C32F2822384C1000D270C1 /* AccountStoryboard.blackboard.swift */; };
		43C32F2D2239447E00D270C1 /* Account.swift in Sources */ = {isa = PBXBuildFile; fileRef = 43C32F2C2239447E00D270C1 /* Account.swift */; };
		43C32F2F22394B7C00D270C1 /* AccountsViewModel.swift in Sources */ = {isa = PBXBuildFile; fileRef = 43C32F2E22394B7C00D270C1 /* AccountsViewModel.swift */; };
		43C32F3122394EAA00D270C1 /* AccountViewModel.swift in Sources */ = {isa = PBXBuildFile; fileRef = 43C32F3022394EAA00D270C1 /* AccountViewModel.swift */; };
		43C332C62245C75E00739D26 /* EmptyNavigationController.swift in Sources */ = {isa = PBXBuildFile; fileRef = 43C332C02245C75E00739D26 /* EmptyNavigationController.swift */; };
		43C332C72245C75E00739D26 /* EmptyTableViewController.swift in Sources */ = {isa = PBXBuildFile; fileRef = 43C332C12245C75E00739D26 /* EmptyTableViewController.swift */; };
		43C332C82245C75E00739D26 /* EmptyViewController.swift in Sources */ = {isa = PBXBuildFile; fileRef = 43C332C22245C75E00739D26 /* EmptyViewController.swift */; };
		43C332C92245C75E00739D26 /* EmptyTabBarController.swift in Sources */ = {isa = PBXBuildFile; fileRef = 43C332C32245C75E00739D26 /* EmptyTabBarController.swift */; };
		43C332CA2245C75E00739D26 /* EmptyCollectionViewController.swift in Sources */ = {isa = PBXBuildFile; fileRef = 43C332C42245C75E00739D26 /* EmptyCollectionViewController.swift */; };
		43C332CB2245C75E00739D26 /* EmptyPageViewController.swift in Sources */ = {isa = PBXBuildFile; fileRef = 43C332C52245C75E00739D26 /* EmptyPageViewController.swift */; };
		43C332CD2245C8D200739D26 /* SupportedStoryboard.blackboard.swift in Sources */ = {isa = PBXBuildFile; fileRef = 43C332CC2245C8D200739D26 /* SupportedStoryboard.blackboard.swift */; };
		43CC4BD522F0890200C03F21 /* ColorAsset.blackboard.swift in Sources */ = {isa = PBXBuildFile; fileRef = 43CC4BD322F0890200C03F21 /* ColorAsset.blackboard.swift */; };
		43CC4BD622F0890200C03F21 /* ImageAsset.blackboard.swift in Sources */ = {isa = PBXBuildFile; fileRef = 43CC4BD422F0890200C03F21 /* ImageAsset.blackboard.swift */; };
		43D6442B2235958D00F1559E /* CGColor.blackboard.swift in Sources */ = {isa = PBXBuildFile; fileRef = 43D6442A2235958D00F1559E /* CGColor.blackboard.swift */; };
		43D7E26025D5DF210091B4C7 /* SymbolAsset.blackboard.swift in Sources */ = {isa = PBXBuildFile; fileRef = 43D7E25E25D5DF210091B4C7 /* SymbolAsset.blackboard.swift */; };
		43E9820E2245553D00C0B1B7 /* Supported.storyboard in Resources */ = {isa = PBXBuildFile; fileRef = 43E982102245553D00C0B1B7 /* Supported.storyboard */; };
		43E982122245612800C0B1B7 /* FooterViewController.swift in Sources */ = {isa = PBXBuildFile; fileRef = 43E982112245612800C0B1B7 /* FooterViewController.swift */; };
/* End PBXBuildFile section */

/* Begin PBXFileReference section */
		430867B71F27C02F006DF3D2 /* UIColor.blackboard.swift */ = {isa = PBXFileReference; fileEncoding = 4; lastKnownFileType = sourcecode.swift; path = UIColor.blackboard.swift; sourceTree = "<group>"; };
		431BCB4F223AA52000E01B48 /* AccountViewController.swift */ = {isa = PBXFileReference; lastKnownFileType = sourcecode.swift; path = AccountViewController.swift; sourceTree = "<group>"; };
		431BCB51223AC73A00E01B48 /* OpenAccountViewController.swift */ = {isa = PBXFileReference; lastKnownFileType = sourcecode.swift; path = OpenAccountViewController.swift; sourceTree = "<group>"; };
		43237C7C23995E4000CF404C /* NSDataAsset.blackboard.swift */ = {isa = PBXFileReference; fileEncoding = 4; lastKnownFileType = sourcecode.swift; path = NSDataAsset.blackboard.swift; sourceTree = "<group>"; };
		43237C7D23995E4100CF404C /* DataAsset.blackboard.swift */ = {isa = PBXFileReference; fileEncoding = 4; lastKnownFileType = sourcecode.swift; path = DataAsset.blackboard.swift; sourceTree = "<group>"; };
		432EDC9C223985C000EBB0AF /* Photo.swift */ = {isa = PBXFileReference; lastKnownFileType = sourcecode.swift; path = Photo.swift; sourceTree = "<group>"; };
		432EDCA822399C9A00EBB0AF /* PhotoCollectionViewCell.swift */ = {isa = PBXFileReference; lastKnownFileType = sourcecode.swift; path = PhotoCollectionViewCell.swift; sourceTree = "<group>"; };
		432EDCAF223A916800EBB0AF /* Base */ = {isa = PBXFileReference; lastKnownFileType = file.storyboard; name = Base; path = Base.lproj/Account.storyboard; sourceTree = "<group>"; };
		432EDCB1223A916800EBB0AF /* Base */ = {isa = PBXFileReference; lastKnownFileType = file.storyboard; name = Base; path = Base.lproj/Photo.storyboard; sourceTree = "<group>"; };
		432EDCB4223A92A600EBB0AF /* PhotoViewController.swift */ = {isa = PBXFileReference; lastKnownFileType = sourcecode.swift; path = PhotoViewController.swift; sourceTree = "<group>"; };
		432EDCB6223A96EE00EBB0AF /* PhotoViewModel.swift */ = {isa = PBXFileReference; fileEncoding = 4; lastKnownFileType = sourcecode.swift; path = PhotoViewModel.swift; sourceTree = "<group>"; };
		433D6D6C21E5055C00D8CB37 /* Base */ = {isa = PBXFileReference; lastKnownFileType = file.storyboard; name = Base; path = Base.lproj/Empty.storyboard; sourceTree = "<group>"; };
		433D6D7521E507BE00D8CB37 /* UIImage.blackboard.swift */ = {isa = PBXFileReference; fileEncoding = 4; lastKnownFileType = sourcecode.swift; path = UIImage.blackboard.swift; sourceTree = "<group>"; };
		4351B62C21E502E5007B4622 /* Images.xcassets */ = {isa = PBXFileReference; lastKnownFileType = folder.assetcatalog; name = Images.xcassets; path = ../../Shared/Resources/Images.xcassets; sourceTree = "<group>"; };
		435E2AF31D01F600008E1170 /* ExampleApp.app */ = {isa = PBXFileReference; explicitFileType = wrapper.application; includeInIndex = 0; path = ExampleApp.app; sourceTree = BUILT_PRODUCTS_DIR; };
		435E2AF61D01F600008E1170 /* AppDelegate.swift */ = {isa = PBXFileReference; lastKnownFileType = sourcecode.swift; path = AppDelegate.swift; sourceTree = "<group>"; };
		435E2AFB1D01F600008E1170 /* Base */ = {isa = PBXFileReference; lastKnownFileType = file.storyboard; name = Base; path = Base.lproj/Main.storyboard; sourceTree = "<group>"; };
		435E2AFD1D01F600008E1170 /* Assets.xcassets */ = {isa = PBXFileReference; lastKnownFileType = folder.assetcatalog; name = Assets.xcassets; path = ../../Shared/Resources/Assets.xcassets; sourceTree = "<group>"; };
		435E2B001D01F600008E1170 /* Base */ = {isa = PBXFileReference; lastKnownFileType = file.storyboard; name = Base; path = Base.lproj/LaunchScreen.storyboard; sourceTree = "<group>"; };
		435E2B021D01F600008E1170 /* Info.plist */ = {isa = PBXFileReference; lastKnownFileType = text.plist.xml; path = Info.plist; sourceTree = "<group>"; };
		436292E31F27CEBC0000C651 /* Colors.xcassets */ = {isa = PBXFileReference; lastKnownFileType = folder.assetcatalog; name = Colors.xcassets; path = ../../Shared/Resources/Colors.xcassets; sourceTree = "<group>"; };
		4365E20A25DC9ED7003E4ABC /* SymbolUIImage.blackboard.swift */ = {isa = PBXFileReference; fileEncoding = 4; lastKnownFileType = sourcecode.swift; path = SymbolUIImage.blackboard.swift; sourceTree = "<group>"; };
		4365E21225DCB7EF003E4ABC /* Image.blackboard.swift */ = {isa = PBXFileReference; fileEncoding = 4; lastKnownFileType = sourcecode.swift; path = Image.blackboard.swift; sourceTree = "<group>"; };
		4365E21325DCB7EF003E4ABC /* SymbolImage.blackboard.swift */ = {isa = PBXFileReference; fileEncoding = 4; lastKnownFileType = sourcecode.swift; path = SymbolImage.blackboard.swift; sourceTree = "<group>"; };
		4365E21425DCB7EF003E4ABC /* Color.blackboard.swift */ = {isa = PBXFileReference; fileEncoding = 4; lastKnownFileType = sourcecode.swift; path = Color.blackboard.swift; sourceTree = "<group>"; };
		436804992245AA2200A69FE8 /* UIKit.blackboard.swift */ = {isa = PBXFileReference; lastKnownFileType = sourcecode.swift; path = UIKit.blackboard.swift; sourceTree = "<group>"; };
		436FA62125E5FDDF00E0599C /* ExampleView.xib */ = {isa = PBXFileReference; lastKnownFileType = file.xib; path = ExampleView.xib; sourceTree = "<group>"; };
		43A2081C239860880073A2B2 /* Data.xcassets */ = {isa = PBXFileReference; lastKnownFileType = folder.assetcatalog; name = Data.xcassets; path = ../../Shared/Resources/Data.xcassets; sourceTree = "<group>"; };
		43B32BC52658A14100D68AA4 /* Localizable.blackboard.swift */ = {isa = PBXFileReference; fileEncoding = 4; lastKnownFileType = sourcecode.swift; path = Localizable.blackboard.swift; sourceTree = "<group>"; };
		43B32BCF265C85C900D68AA4 /* en */ = {isa = PBXFileReference; lastKnownFileType = text.plist.strings; name = en; path = Shared/Resources/Localizable/en.lproj/Localizable.strings; sourceTree = SOURCE_ROOT; };
		43C2B19B1D01F86A001B08CA /* MainStoryboard.blackboard.swift */ = {isa = PBXFileReference; fileEncoding = 4; lastKnownFileType = sourcecode.swift; path = MainStoryboard.blackboard.swift; sourceTree = "<group>"; };
		43C2B19D1D021533001B08CA /* MainViewController.swift */ = {isa = PBXFileReference; fileEncoding = 4; lastKnownFileType = sourcecode.swift; path = MainViewController.swift; sourceTree = "<group>"; };
		43C32F15223849B500D270C1 /* AccountsTableViewController.swift */ = {isa = PBXFileReference; fileEncoding = 4; lastKnownFileType = sourcecode.swift; path = AccountsTableViewController.swift; sourceTree = "<group>"; };
		43C32F16223849B500D270C1 /* AccountsNavigationController.swift */ = {isa = PBXFileReference; fileEncoding = 4; lastKnownFileType = sourcecode.swift; path = AccountsNavigationController.swift; sourceTree = "<group>"; };
		43C32F19223849C400D270C1 /* PhotosCollectionViewController.swift */ = {isa = PBXFileReference; fileEncoding = 4; lastKnownFileType = sourcecode.swift; path = PhotosCollectionViewController.swift; sourceTree = "<group>"; };
		43C32F1A223849C400D270C1 /* PhotosNavigationController.swift */ = {isa = PBXFileReference; fileEncoding = 4; lastKnownFileType = sourcecode.swift; path = PhotosNavigationController.swift; sourceTree = "<group>"; };
		43C32F2222384B2400D270C1 /* AccountOverviewTableViewCell.swift */ = {isa = PBXFileReference; fileEncoding = 4; lastKnownFileType = sourcecode.swift; path = AccountOverviewTableViewCell.swift; sourceTree = "<group>"; };
		43C32F2322384B2400D270C1 /* AccountTableViewCell.swift */ = {isa = PBXFileReference; fileEncoding = 4; lastKnownFileType = sourcecode.swift; path = AccountTableViewCell.swift; sourceTree = "<group>"; };
		43C32F2722384C1000D270C1 /* PhotoStoryboard.blackboard.swift */ = {isa = PBXFileReference; fileEncoding = 4; lastKnownFileType = sourcecode.swift; path = PhotoStoryboard.blackboard.swift; sourceTree = "<group>"; };
		43C32F2822384C1000D270C1 /* AccountStoryboard.blackboard.swift */ = {isa = PBXFileReference; fileEncoding = 4; lastKnownFileType = sourcecode.swift; path = AccountStoryboard.blackboard.swift; sourceTree = "<group>"; };
		43C32F2C2239447E00D270C1 /* Account.swift */ = {isa = PBXFileReference; lastKnownFileType = sourcecode.swift; path = Account.swift; sourceTree = "<group>"; };
		43C32F2E22394B7C00D270C1 /* AccountsViewModel.swift */ = {isa = PBXFileReference; lastKnownFileType = sourcecode.swift; path = AccountsViewModel.swift; sourceTree = "<group>"; };
		43C32F3022394EAA00D270C1 /* AccountViewModel.swift */ = {isa = PBXFileReference; lastKnownFileType = sourcecode.swift; path = AccountViewModel.swift; sourceTree = "<group>"; };
		43C332C02245C75E00739D26 /* EmptyNavigationController.swift */ = {isa = PBXFileReference; fileEncoding = 4; lastKnownFileType = sourcecode.swift; path = EmptyNavigationController.swift; sourceTree = "<group>"; };
		43C332C12245C75E00739D26 /* EmptyTableViewController.swift */ = {isa = PBXFileReference; fileEncoding = 4; lastKnownFileType = sourcecode.swift; path = EmptyTableViewController.swift; sourceTree = "<group>"; };
		43C332C22245C75E00739D26 /* EmptyViewController.swift */ = {isa = PBXFileReference; fileEncoding = 4; lastKnownFileType = sourcecode.swift; path = EmptyViewController.swift; sourceTree = "<group>"; };
		43C332C32245C75E00739D26 /* EmptyTabBarController.swift */ = {isa = PBXFileReference; fileEncoding = 4; lastKnownFileType = sourcecode.swift; path = EmptyTabBarController.swift; sourceTree = "<group>"; };
		43C332C42245C75E00739D26 /* EmptyCollectionViewController.swift */ = {isa = PBXFileReference; fileEncoding = 4; lastKnownFileType = sourcecode.swift; path = EmptyCollectionViewController.swift; sourceTree = "<group>"; };
		43C332C52245C75E00739D26 /* EmptyPageViewController.swift */ = {isa = PBXFileReference; fileEncoding = 4; lastKnownFileType = sourcecode.swift; path = EmptyPageViewController.swift; sourceTree = "<group>"; };
		43C332CC2245C8D200739D26 /* SupportedStoryboard.blackboard.swift */ = {isa = PBXFileReference; fileEncoding = 4; lastKnownFileType = sourcecode.swift; path = SupportedStoryboard.blackboard.swift; sourceTree = "<group>"; };
		43CC4BD322F0890200C03F21 /* ColorAsset.blackboard.swift */ = {isa = PBXFileReference; fileEncoding = 4; lastKnownFileType = sourcecode.swift; path = ColorAsset.blackboard.swift; sourceTree = "<group>"; };
		43CC4BD422F0890200C03F21 /* ImageAsset.blackboard.swift */ = {isa = PBXFileReference; fileEncoding = 4; lastKnownFileType = sourcecode.swift; path = ImageAsset.blackboard.swift; sourceTree = "<group>"; };
		43D6442A2235958D00F1559E /* CGColor.blackboard.swift */ = {isa = PBXFileReference; fileEncoding = 4; lastKnownFileType = sourcecode.swift; path = CGColor.blackboard.swift; sourceTree = "<group>"; };
		43D7E25E25D5DF210091B4C7 /* SymbolAsset.blackboard.swift */ = {isa = PBXFileReference; fileEncoding = 4; lastKnownFileType = sourcecode.swift; path = SymbolAsset.blackboard.swift; sourceTree = "<group>"; };
		43E9820F2245553D00C0B1B7 /* Base */ = {isa = PBXFileReference; lastKnownFileType = file.storyboard; name = Base; path = Base.lproj/Supported.storyboard; sourceTree = "<group>"; };
		43E982112245612800C0B1B7 /* FooterViewController.swift */ = {isa = PBXFileReference; lastKnownFileType = sourcecode.swift; path = FooterViewController.swift; sourceTree = "<group>"; };
/* End PBXFileReference section */

/* Begin PBXFrameworksBuildPhase section */
		435E2AF01D01F600008E1170 /* Frameworks */ = {
			isa = PBXFrameworksBuildPhase;
			buildActionMask = 2147483647;
			files = (
			);
			runOnlyForDeploymentPostprocessing = 0;
		};
/* End PBXFrameworksBuildPhase section */

/* Begin PBXGroup section */
		435E2AEA1D01F600008E1170 = {
			isa = PBXGroup;
			children = (
				435E2AF51D01F600008E1170 /* ExampleApp */,
				435E2AF41D01F600008E1170 /* Products */,
			);
			sourceTree = "<group>";
		};
		435E2AF41D01F600008E1170 /* Products */ = {
			isa = PBXGroup;
			children = (
				435E2AF31D01F600008E1170 /* ExampleApp.app */,
			);
			name = Products;
			sourceTree = "<group>";
		};
		435E2AF51D01F600008E1170 /* ExampleApp */ = {
			isa = PBXGroup;
			children = (
				43C2B1991D01F7C5001B08CA /* Resources */,
				43C2B1981D01F7AB001B08CA /* Source */,
				43D644292235941D00F1559E /* Supporting Files */,
			);
			path = ExampleApp;
			sourceTree = "<group>";
		};
		436292E51F27CF6F0000C651 /* Storyboards */ = {
			isa = PBXGroup;
			children = (
				432EDCAE223A916800EBB0AF /* Account.storyboard */,
				433D6D6B21E5055C00D8CB37 /* Empty.storyboard */,
				435E2AFF1D01F600008E1170 /* LaunchScreen.storyboard */,
				435E2AFA1D01F600008E1170 /* Main.storyboard */,
				432EDCB0223A916800EBB0AF /* Photo.storyboard */,
				43E982102245553D00C0B1B7 /* Supported.storyboard */,
			);
			path = Storyboards;
			sourceTree = "<group>";
		};
		436FA62025E5FDB200E0599C /* Nibs */ = {
			isa = PBXGroup;
			children = (
				436FA62125E5FDDF00E0599C /* ExampleView.xib */,
			);
			path = Nibs;
			sourceTree = "<group>";
		};
		43C2B1981D01F7AB001B08CA /* Source */ = {
			isa = PBXGroup;
			children = (
				43C32F112238493F00D270C1 /* Account */,
				435E2AF61D01F600008E1170 /* AppDelegate.swift */,
				43C2B19A1D01F7F9001B08CA /* Generated */,
				43C32F2B223852C000D270C1 /* Main */,
				43C32F122238494B00D270C1 /* Photo */,
				43C332BD2245C68800739D26 /* Supported */,
			);
			path = Source;
			sourceTree = "<group>";
		};
		43C2B1991D01F7C5001B08CA /* Resources */ = {
			isa = PBXGroup;
			children = (
				435E2AFD1D01F600008E1170 /* Assets.xcassets */,
				436292E31F27CEBC0000C651 /* Colors.xcassets */,
				43A2081C239860880073A2B2 /* Data.xcassets */,
				4351B62C21E502E5007B4622 /* Images.xcassets */,
				43B32BCE265C85C900D68AA4 /* Localizable.strings */,
				436FA62025E5FDB200E0599C /* Nibs */,
				436292E51F27CF6F0000C651 /* Storyboards */,
			);
			path = Resources;
			sourceTree = "<group>";
		};
		43C2B19A1D01F7F9001B08CA /* Generated */ = {
			isa = PBXGroup;
			children = (
				43C32F2822384C1000D270C1 /* AccountStoryboard.blackboard.swift */,
				43D6442A2235958D00F1559E /* CGColor.blackboard.swift */,
				4365E21425DCB7EF003E4ABC /* Color.blackboard.swift */,
				43CC4BD322F0890200C03F21 /* ColorAsset.blackboard.swift */,
				43237C7D23995E4100CF404C /* DataAsset.blackboard.swift */,
				4365E21225DCB7EF003E4ABC /* Image.blackboard.swift */,
				43CC4BD422F0890200C03F21 /* ImageAsset.blackboard.swift */,
				43B32BC52658A14100D68AA4 /* Localizable.blackboard.swift */,
				43C2B19B1D01F86A001B08CA /* MainStoryboard.blackboard.swift */,
				43237C7C23995E4000CF404C /* NSDataAsset.blackboard.swift */,
				43C32F2722384C1000D270C1 /* PhotoStoryboard.blackboard.swift */,
				43C332CC2245C8D200739D26 /* SupportedStoryboard.blackboard.swift */,
				43D7E25E25D5DF210091B4C7 /* SymbolAsset.blackboard.swift */,
				4365E21325DCB7EF003E4ABC /* SymbolImage.blackboard.swift */,
				4365E20A25DC9ED7003E4ABC /* SymbolUIImage.blackboard.swift */,
				430867B71F27C02F006DF3D2 /* UIColor.blackboard.swift */,
				433D6D7521E507BE00D8CB37 /* UIImage.blackboard.swift */,
				436804992245AA2200A69FE8 /* UIKit.blackboard.swift */,
			);
			path = Generated;
			sourceTree = "<group>";
		};
		43C32F112238493F00D270C1 /* Account */ = {
			isa = PBXGroup;
			children = (
				43C32F2C2239447E00D270C1 /* Account.swift */,
				43C32F2222384B2400D270C1 /* AccountOverviewTableViewCell.swift */,
				43C32F16223849B500D270C1 /* AccountsNavigationController.swift */,
				43C32F15223849B500D270C1 /* AccountsTableViewController.swift */,
				43C32F2E22394B7C00D270C1 /* AccountsViewModel.swift */,
				43C32F2322384B2400D270C1 /* AccountTableViewCell.swift */,
				431BCB4F223AA52000E01B48 /* AccountViewController.swift */,
				43C32F3022394EAA00D270C1 /* AccountViewModel.swift */,
				431BCB51223AC73A00E01B48 /* OpenAccountViewController.swift */,
			);
			name = Account;
			sourceTree = "<group>";
		};
		43C32F122238494B00D270C1 /* Photo */ = {
			isa = PBXGroup;
			children = (
				432EDC9C223985C000EBB0AF /* Photo.swift */,
				432EDCA822399C9A00EBB0AF /* PhotoCollectionViewCell.swift */,
				43C32F19223849C400D270C1 /* PhotosCollectionViewController.swift */,
				43C32F1A223849C400D270C1 /* PhotosNavigationController.swift */,
				432EDCB4223A92A600EBB0AF /* PhotoViewController.swift */,
				432EDCB6223A96EE00EBB0AF /* PhotoViewModel.swift */,
			);
			name = Photo;
			sourceTree = "<group>";
		};
		43C32F2B223852C000D270C1 /* Main */ = {
			isa = PBXGroup;
			children = (
				43E982112245612800C0B1B7 /* FooterViewController.swift */,
				43C2B19D1D021533001B08CA /* MainViewController.swift */,
			);
			name = Main;
			sourceTree = "<group>";
		};
		43C332BD2245C68800739D26 /* Supported */ = {
			isa = PBXGroup;
			children = (
				43C332C42245C75E00739D26 /* EmptyCollectionViewController.swift */,
				43C332C02245C75E00739D26 /* EmptyNavigationController.swift */,
				43C332C52245C75E00739D26 /* EmptyPageViewController.swift */,
				43C332C32245C75E00739D26 /* EmptyTabBarController.swift */,
				43C332C12245C75E00739D26 /* EmptyTableViewController.swift */,
				43C332C22245C75E00739D26 /* EmptyViewController.swift */,
			);
			name = Supported;
			sourceTree = "<group>";
		};
		43D644292235941D00F1559E /* Supporting Files */ = {
			isa = PBXGroup;
			children = (
				435E2B021D01F600008E1170 /* Info.plist */,
			);
			name = "Supporting Files";
			sourceTree = "<group>";
		};
/* End PBXGroup section */

/* Begin PBXNativeTarget section */
		435E2AF21D01F600008E1170 /* ExampleApp */ = {
			isa = PBXNativeTarget;
			buildConfigurationList = 435E2B051D01F600008E1170 /* Build configuration list for PBXNativeTarget "ExampleApp" */;
			buildPhases = (
				433D6D7121E506D600D8CB37 /* Blackboard */,
				43A6FE4E250328470064AFE0 /* SwiftLint */,
				435E2AEF1D01F600008E1170 /* Sources */,
				435E2AF01D01F600008E1170 /* Frameworks */,
				435E2AF11D01F600008E1170 /* Resources */,
			);
			buildRules = (
			);
			dependencies = (
			);
			name = ExampleApp;
			productName = ExampleApp;
			productReference = 435E2AF31D01F600008E1170 /* ExampleApp.app */;
			productType = "com.apple.product-type.application";
		};
/* End PBXNativeTarget section */

/* Begin PBXProject section */
		435E2AEB1D01F600008E1170 /* Project object */ = {
			isa = PBXProject;
			attributes = {
				BuildIndependentTargetsInParallel = YES;
				LastSwiftUpdateCheck = 0730;
				LastUpgradeCheck = 1500;
				ORGANIZATIONNAME = "Nathan E. Walczak";
				TargetAttributes = {
					435E2AF21D01F600008E1170 = {
						CreatedOnToolsVersion = 7.3.1;
						LastSwiftMigration = 1150;
					};
				};
			};
			buildConfigurationList = 435E2AEE1D01F600008E1170 /* Build configuration list for PBXProject "ExampleApp" */;
			compatibilityVersion = "Xcode 3.2";
			developmentRegion = en;
			hasScannedForEncodings = 0;
			knownRegions = (
				en,
				Base,
			);
			mainGroup = 435E2AEA1D01F600008E1170;
			productRefGroup = 435E2AF41D01F600008E1170 /* Products */;
			projectDirPath = "";
			projectRoot = "";
			targets = (
				435E2AF21D01F600008E1170 /* ExampleApp */,
			);
		};
/* End PBXProject section */

/* Begin PBXResourcesBuildPhase section */
		435E2AF11D01F600008E1170 /* Resources */ = {
			isa = PBXResourcesBuildPhase;
			buildActionMask = 2147483647;
			files = (
				436292E41F27CEBC0000C651 /* Colors.xcassets in Resources */,
				43B32BD0265C85C900D68AA4 /* Localizable.strings in Resources */,
				435E2B011D01F600008E1170 /* LaunchScreen.storyboard in Resources */,
				435E2AFE1D01F600008E1170 /* Assets.xcassets in Resources */,
				43A2081D239860880073A2B2 /* Data.xcassets in Resources */,
				433D6D7021E5055C00D8CB37 /* Empty.storyboard in Resources */,
				4351B62D21E502E5007B4622 /* Images.xcassets in Resources */,
				432EDCB3223A916900EBB0AF /* Photo.storyboard in Resources */,
				436FA62925E6013100E0599C /* ExampleView.xib in Resources */,
				43E9820E2245553D00C0B1B7 /* Supported.storyboard in Resources */,
				432EDCB2223A916900EBB0AF /* Account.storyboard in Resources */,
				435E2AFC1D01F600008E1170 /* Main.storyboard in Resources */,
			);
			runOnlyForDeploymentPostprocessing = 0;
		};
/* End PBXResourcesBuildPhase section */

/* Begin PBXShellScriptBuildPhase section */
		433D6D7121E506D600D8CB37 /* Blackboard */ = {
			isa = PBXShellScriptBuildPhase;
			alwaysOutOfDate = 1;
			buildActionMask = 2147483647;
			files = (
			);
			inputFileListPaths = (
			);
			inputPaths = (
			);
			name = Blackboard;
			outputFileListPaths = (
			);
			outputPaths = (
			);
			runOnlyForDeploymentPostprocessing = 0;
			shellPath = /bin/sh;
			shellScript = "if which bin/blackboard >/dev/null; then\n  bin/blackboard --input Shared/Resources/ ExampleApp/Resources/ --output ExampleApp/Source/Generated/\nelse\n  echo \"warning: blackboard not installed, download from https://github.com/NathanE73/Blackboard\"\nfi\n";
		};
		43A6FE4E250328470064AFE0 /* SwiftLint */ = {
			isa = PBXShellScriptBuildPhase;
			alwaysOutOfDate = 1;
			buildActionMask = 2147483647;
			files = (
			);
			inputFileListPaths = (
			);
			inputPaths = (
			);
			name = SwiftLint;
			outputFileListPaths = (
			);
			outputPaths = (
			);
			runOnlyForDeploymentPostprocessing = 0;
			shellPath = /bin/sh;
			shellScript = "if which mint >/dev/null; then\n  mint run realm/SwiftLint\nelse\n  echo \"warning: mint not installed, download from https://github.com/yonaskolb/Mint\"\nfi\n";
		};
/* End PBXShellScriptBuildPhase section */

/* Begin PBXSourcesBuildPhase section */
		435E2AEF1D01F600008E1170 /* Sources */ = {
			isa = PBXSourcesBuildPhase;
			buildActionMask = 2147483647;
			files = (
				432EDCB5223A92A600EBB0AF /* PhotoViewController.swift in Sources */,
				432EDC9D223985C000EBB0AF /* Photo.swift in Sources */,
				43C32F18223849B500D270C1 /* AccountsNavigationController.swift in Sources */,
				4365E21525DCB7EF003E4ABC /* Image.blackboard.swift in Sources */,
				43C2B19E1D021533001B08CA /* MainViewController.swift in Sources */,
				43C332C92245C75E00739D26 /* EmptyTabBarController.swift in Sources */,
				431BCB50223AA52000E01B48 /* AccountViewController.swift in Sources */,
				43C32F17223849B500D270C1 /* AccountsTableViewController.swift in Sources */,
				433D6D7921E507BE00D8CB37 /* UIImage.blackboard.swift in Sources */,
				43C32F2922384C1000D270C1 /* PhotoStoryboard.blackboard.swift in Sources */,
				43C332CB2245C75E00739D26 /* EmptyPageViewController.swift in Sources */,
				4365E21625DCB7EF003E4ABC /* SymbolImage.blackboard.swift in Sources */,
				43C332C72245C75E00739D26 /* EmptyTableViewController.swift in Sources */,
				43C2B19C1D01F86A001B08CA /* MainStoryboard.blackboard.swift in Sources */,
				43CC4BD622F0890200C03F21 /* ImageAsset.blackboard.swift in Sources */,
				4365E21725DCB7EF003E4ABC /* Color.blackboard.swift in Sources */,
				43C32F2622384B2400D270C1 /* AccountTableViewCell.swift in Sources */,
				43C332CA2245C75E00739D26 /* EmptyCollectionViewController.swift in Sources */,
				43CC4BD522F0890200C03F21 /* ColorAsset.blackboard.swift in Sources */,
				43C332CD2245C8D200739D26 /* SupportedStoryboard.blackboard.swift in Sources */,
				43E982122245612800C0B1B7 /* FooterViewController.swift in Sources */,
				43D6442B2235958D00F1559E /* CGColor.blackboard.swift in Sources */,
				435E2AF71D01F600008E1170 /* AppDelegate.swift in Sources */,
				4368049A2245AA2200A69FE8 /* UIKit.blackboard.swift in Sources */,
				432EDCA922399C9A00EBB0AF /* PhotoCollectionViewCell.swift in Sources */,
				43237C7F23995E4100CF404C /* DataAsset.blackboard.swift in Sources */,
				432EDCB7223A96EE00EBB0AF /* PhotoViewModel.swift in Sources */,
				430867B81F27C02F006DF3D2 /* UIColor.blackboard.swift in Sources */,
				43C32F1B223849C400D270C1 /* PhotosCollectionViewController.swift in Sources */,
				43C32F2522384B2400D270C1 /* AccountOverviewTableViewCell.swift in Sources */,
				43C32F3122394EAA00D270C1 /* AccountViewModel.swift in Sources */,
				431BCB52223AC73A00E01B48 /* OpenAccountViewController.swift in Sources */,
				43D7E26025D5DF210091B4C7 /* SymbolAsset.blackboard.swift in Sources */,
				43C32F2F22394B7C00D270C1 /* AccountsViewModel.swift in Sources */,
				43B32BC62658A14100D68AA4 /* Localizable.blackboard.swift in Sources */,
				43C32F1C223849C400D270C1 /* PhotosNavigationController.swift in Sources */,
				43237C7E23995E4100CF404C /* NSDataAsset.blackboard.swift in Sources */,
				4365E20B25DC9ED7003E4ABC /* SymbolUIImage.blackboard.swift in Sources */,
				43C32F2D2239447E00D270C1 /* Account.swift in Sources */,
				43C32F2A22384C1000D270C1 /* AccountStoryboard.blackboard.swift in Sources */,
				43C332C82245C75E00739D26 /* EmptyViewController.swift in Sources */,
				43C332C62245C75E00739D26 /* EmptyNavigationController.swift in Sources */,
			);
			runOnlyForDeploymentPostprocessing = 0;
		};
/* End PBXSourcesBuildPhase section */

/* Begin PBXVariantGroup section */
		432EDCAE223A916800EBB0AF /* Account.storyboard */ = {
			isa = PBXVariantGroup;
			children = (
				432EDCAF223A916800EBB0AF /* Base */,
			);
			name = Account.storyboard;
			sourceTree = "<group>";
		};
		432EDCB0223A916800EBB0AF /* Photo.storyboard */ = {
			isa = PBXVariantGroup;
			children = (
				432EDCB1223A916800EBB0AF /* Base */,
			);
			name = Photo.storyboard;
			sourceTree = "<group>";
		};
		433D6D6B21E5055C00D8CB37 /* Empty.storyboard */ = {
			isa = PBXVariantGroup;
			children = (
				433D6D6C21E5055C00D8CB37 /* Base */,
			);
			name = Empty.storyboard;
			sourceTree = "<group>";
		};
		435E2AFA1D01F600008E1170 /* Main.storyboard */ = {
			isa = PBXVariantGroup;
			children = (
				435E2AFB1D01F600008E1170 /* Base */,
			);
			name = Main.storyboard;
			sourceTree = "<group>";
		};
		435E2AFF1D01F600008E1170 /* LaunchScreen.storyboard */ = {
			isa = PBXVariantGroup;
			children = (
				435E2B001D01F600008E1170 /* Base */,
			);
			name = LaunchScreen.storyboard;
			sourceTree = "<group>";
		};
		43B32BCE265C85C900D68AA4 /* Localizable.strings */ = {
			isa = PBXVariantGroup;
			children = (
				43B32BCF265C85C900D68AA4 /* en */,
			);
			name = Localizable.strings;
			sourceTree = "<group>";
		};
		43E982102245553D00C0B1B7 /* Supported.storyboard */ = {
			isa = PBXVariantGroup;
			children = (
				43E9820F2245553D00C0B1B7 /* Base */,
			);
			name = Supported.storyboard;
			sourceTree = "<group>";
		};
/* End PBXVariantGroup section */

/* Begin XCBuildConfiguration section */
		435E2B031D01F600008E1170 /* Debug */ = {
			isa = XCBuildConfiguration;
			buildSettings = {
				ALWAYS_SEARCH_USER_PATHS = NO;
				CLANG_ANALYZER_NONNULL = YES;
				CLANG_CXX_LANGUAGE_STANDARD = "gnu++0x";
				CLANG_CXX_LIBRARY = "libc++";
				CLANG_ENABLE_MODULES = YES;
				CLANG_ENABLE_OBJC_ARC = YES;
				CLANG_WARN_BLOCK_CAPTURE_AUTORELEASING = YES;
				CLANG_WARN_BOOL_CONVERSION = YES;
				CLANG_WARN_COMMA = YES;
				CLANG_WARN_CONSTANT_CONVERSION = YES;
				CLANG_WARN_DEPRECATED_OBJC_IMPLEMENTATIONS = YES;
				CLANG_WARN_DIRECT_OBJC_ISA_USAGE = YES_ERROR;
				CLANG_WARN_EMPTY_BODY = YES;
				CLANG_WARN_ENUM_CONVERSION = YES;
				CLANG_WARN_INFINITE_RECURSION = YES;
				CLANG_WARN_INT_CONVERSION = YES;
				CLANG_WARN_NON_LITERAL_NULL_CONVERSION = YES;
				CLANG_WARN_OBJC_IMPLICIT_RETAIN_SELF = YES;
				CLANG_WARN_OBJC_LITERAL_CONVERSION = YES;
				CLANG_WARN_OBJC_ROOT_CLASS = YES_ERROR;
				CLANG_WARN_QUOTED_INCLUDE_IN_FRAMEWORK_HEADER = YES;
				CLANG_WARN_RANGE_LOOP_ANALYSIS = YES;
				CLANG_WARN_STRICT_PROTOTYPES = YES;
				CLANG_WARN_SUSPICIOUS_MOVE = YES;
				CLANG_WARN_UNREACHABLE_CODE = YES;
				CLANG_WARN__DUPLICATE_METHOD_MATCH = YES;
				"CODE_SIGN_IDENTITY[sdk=iphoneos*]" = "iPhone Developer";
				COPY_PHASE_STRIP = NO;
				DEBUG_INFORMATION_FORMAT = dwarf;
				ENABLE_STRICT_OBJC_MSGSEND = YES;
				ENABLE_TESTABILITY = YES;
				GCC_C_LANGUAGE_STANDARD = gnu99;
				GCC_DYNAMIC_NO_PIC = NO;
				GCC_NO_COMMON_BLOCKS = YES;
				GCC_OPTIMIZATION_LEVEL = 0;
				GCC_PREPROCESSOR_DEFINITIONS = (
					"DEBUG=1",
					"$(inherited)",
				);
				GCC_WARN_64_TO_32_BIT_CONVERSION = YES;
				GCC_WARN_ABOUT_RETURN_TYPE = YES_ERROR;
				GCC_WARN_UNDECLARED_SELECTOR = YES;
				GCC_WARN_UNINITIALIZED_AUTOS = YES_AGGRESSIVE;
				GCC_WARN_UNUSED_FUNCTION = YES;
				GCC_WARN_UNUSED_VARIABLE = YES;
				IPHONEOS_DEPLOYMENT_TARGET = 13.0;
				MTL_ENABLE_DEBUG_INFO = YES;
				ONLY_ACTIVE_ARCH = YES;
				SDKROOT = iphoneos;
				SWIFT_OPTIMIZATION_LEVEL = "-Onone";
				TARGETED_DEVICE_FAMILY = "1,2";
			};
			name = Debug;
		};
		435E2B041D01F600008E1170 /* Release */ = {
			isa = XCBuildConfiguration;
			buildSettings = {
				ALWAYS_SEARCH_USER_PATHS = NO;
				CLANG_ANALYZER_NONNULL = YES;
				CLANG_CXX_LANGUAGE_STANDARD = "gnu++0x";
				CLANG_CXX_LIBRARY = "libc++";
				CLANG_ENABLE_MODULES = YES;
				CLANG_ENABLE_OBJC_ARC = YES;
				CLANG_WARN_BLOCK_CAPTURE_AUTORELEASING = YES;
				CLANG_WARN_BOOL_CONVERSION = YES;
				CLANG_WARN_COMMA = YES;
				CLANG_WARN_CONSTANT_CONVERSION = YES;
				CLANG_WARN_DEPRECATED_OBJC_IMPLEMENTATIONS = YES;
				CLANG_WARN_DIRECT_OBJC_ISA_USAGE = YES_ERROR;
				CLANG_WARN_EMPTY_BODY = YES;
				CLANG_WARN_ENUM_CONVERSION = YES;
				CLANG_WARN_INFINITE_RECURSION = YES;
				CLANG_WARN_INT_CONVERSION = YES;
				CLANG_WARN_NON_LITERAL_NULL_CONVERSION = YES;
				CLANG_WARN_OBJC_IMPLICIT_RETAIN_SELF = YES;
				CLANG_WARN_OBJC_LITERAL_CONVERSION = YES;
				CLANG_WARN_OBJC_ROOT_CLASS = YES_ERROR;
				CLANG_WARN_QUOTED_INCLUDE_IN_FRAMEWORK_HEADER = YES;
				CLANG_WARN_RANGE_LOOP_ANALYSIS = YES;
				CLANG_WARN_STRICT_PROTOTYPES = YES;
				CLANG_WARN_SUSPICIOUS_MOVE = YES;
				CLANG_WARN_UNREACHABLE_CODE = YES;
				CLANG_WARN__DUPLICATE_METHOD_MATCH = YES;
				"CODE_SIGN_IDENTITY[sdk=iphoneos*]" = "iPhone Developer";
				COPY_PHASE_STRIP = NO;
				DEBUG_INFORMATION_FORMAT = "dwarf-with-dsym";
				ENABLE_NS_ASSERTIONS = NO;
				ENABLE_STRICT_OBJC_MSGSEND = YES;
				GCC_C_LANGUAGE_STANDARD = gnu99;
				GCC_NO_COMMON_BLOCKS = YES;
				GCC_WARN_64_TO_32_BIT_CONVERSION = YES;
				GCC_WARN_ABOUT_RETURN_TYPE = YES_ERROR;
				GCC_WARN_UNDECLARED_SELECTOR = YES;
				GCC_WARN_UNINITIALIZED_AUTOS = YES_AGGRESSIVE;
				GCC_WARN_UNUSED_FUNCTION = YES;
				GCC_WARN_UNUSED_VARIABLE = YES;
				IPHONEOS_DEPLOYMENT_TARGET = 13.0;
				MTL_ENABLE_DEBUG_INFO = NO;
				SDKROOT = iphoneos;
				SWIFT_COMPILATION_MODE = wholemodule;
				SWIFT_OPTIMIZATION_LEVEL = "-O";
				TARGETED_DEVICE_FAMILY = "1,2";
				VALIDATE_PRODUCT = YES;
			};
			name = Release;
		};
		435E2B061D01F600008E1170 /* Debug */ = {
			isa = XCBuildConfiguration;
			buildSettings = {
				ASSETCATALOG_COMPILER_APPICON_NAME = AppIcon;
				INFOPLIST_FILE = ExampleApp/Info.plist;
				LD_RUNPATH_SEARCH_PATHS = (
					"$(inherited)",
					"@executable_path/Frameworks",
				);
				PRODUCT_BUNDLE_IDENTIFIER = com.example.blackboard.ExampleApp;
				PRODUCT_NAME = "$(TARGET_NAME)";
				SWIFT_VERSION = 5.0;
				TARGETED_DEVICE_FAMILY = "1,2";
			};
			name = Debug;
		};
		435E2B071D01F600008E1170 /* Release */ = {
			isa = XCBuildConfiguration;
			buildSettings = {
				ASSETCATALOG_COMPILER_APPICON_NAME = AppIcon;
				INFOPLIST_FILE = ExampleApp/Info.plist;
				LD_RUNPATH_SEARCH_PATHS = (
					"$(inherited)",
					"@executable_path/Frameworks",
				);
				PRODUCT_BUNDLE_IDENTIFIER = com.example.blackboard.ExampleApp;
				PRODUCT_NAME = "$(TARGET_NAME)";
				SWIFT_VERSION = 5.0;
				TARGETED_DEVICE_FAMILY = "1,2";
			};
			name = Release;
		};
/* End XCBuildConfiguration section */

/* Begin XCConfigurationList section */
		435E2AEE1D01F600008E1170 /* Build configuration list for PBXProject "ExampleApp" */ = {
			isa = XCConfigurationList;
			buildConfigurations = (
				435E2B031D01F600008E1170 /* Debug */,
				435E2B041D01F600008E1170 /* Release */,
			);
			defaultConfigurationIsVisible = 0;
			defaultConfigurationName = Release;
		};
		435E2B051D01F600008E1170 /* Build configuration list for PBXNativeTarget "ExampleApp" */ = {
			isa = XCConfigurationList;
			buildConfigurations = (
				435E2B061D01F600008E1170 /* Debug */,
				435E2B071D01F600008E1170 /* Release */,
			);
			defaultConfigurationIsVisible = 0;
			defaultConfigurationName = Release;
		};
/* End XCConfigurationList section */
	};
	rootObject = 435E2AEB1D01F600008E1170 /* Project object */;
}
